{
  "version": 4,
  "terraform_version": "1.4.6",
  "serial": 589,
  "lineage": "ace7fb35-b23d-63f0-58c4-3855c73fabb9",
  "outputs": {},
  "resources": [
    {
      "mode": "data",
      "type": "azurerm_image",
      "name": "winr2008vhd",
      "provider": "provider[\"registry.terraform.io/hashicorp/azurerm\"]",
      "instances": [
        {
          "schema_version": 0,
          "attributes": {
            "data_disk": [],
            "id": "/subscriptions/6162102d-ca97-4f6f-823b-3901a6f74733/resourceGroups/RG-for-custom-image/providers/Microsoft.Compute/images/14pmImage",
            "location": "westeurope",
            "name": "14pmImage",
            "name_regex": null,
            "os_disk": [
              {
                "blob_uri": "https://quickstorageaacount.blob.core.windows.net/mycontainer/myUploadedVHD.vhd",
                "caching": "ReadWrite",
                "managed_disk_id": "",
                "os_state": "Generalized",
                "os_type": "Windows",
                "size_gb": 12
              }
            ],
            "resource_group_name": "RG-for-custom-image",
            "sort_descending": false,
            "tags": {},
            "timeouts": null,
            "zone_resilient": false
          },
          "sensitive_attributes": []
        }
      ]
    },
    {
      "mode": "data",
      "type": "azurerm_network_interface",
      "name": "created_nva_windows_vm_nic",
      "provider": "provider[\"registry.terraform.io/hashicorp/azurerm\"]",
      "instances": [
        {
          "schema_version": 0,
          "attributes": {
            "applied_dns_servers": [],
            "dns_servers": [],
            "enable_accelerated_networking": false,
            "enable_ip_forwarding": true,
            "id": "/subscriptions/6162102d-ca97-4f6f-823b-3901a6f74733/resourceGroups/WAN-HUB-and-SPOKE/providers/Microsoft.Network/networkInterfaces/NVA-Windows-VM-nic",
            "internal_dns_name_label": "",
            "ip_configuration": [
              {
                "application_gateway_backend_address_pools_ids": [],
                "application_security_group_ids": [],
                "gateway_load_balancer_frontend_ip_configuration_id": "",
                "load_balancer_backend_address_pools_ids": [],
                "load_balancer_inbound_nat_rules_ids": [],
                "name": "NVA-Windows-VM-nic0",
                "primary": true,
                "private_ip_address": "10.0.0.4",
                "private_ip_address_allocation": "Dynamic",
                "private_ip_address_version": "IPv4",
                "public_ip_address_id": "",
                "subnet_id": "/subscriptions/6162102d-ca97-4f6f-823b-3901a6f74733/resourceGroups/WAN-HUB-and-SPOKE/providers/Microsoft.Network/virtualNetworks/HUB/subnets/subnet1"
              }
            ],
            "location": "westeurope",
            "mac_address": "60-45-BD-8C-02-DC",
            "name": "NVA-Windows-VM-nic",
            "network_security_group_id": "/subscriptions/6162102d-ca97-4f6f-823b-3901a6f74733/resourceGroups/WAN-HUB-and-SPOKE/providers/Microsoft.Network/networkSecurityGroups/hub-nsg",
            "private_ip_address": "10.0.0.4",
            "private_ip_addresses": [
              "10.0.0.4"
            ],
            "resource_group_name": "WAN-HUB-and-SPOKE",
            "tags": {
              "ManagedBy": "Terraform"
            },
            "timeouts": null,
            "virtual_machine_id": "/subscriptions/6162102d-ca97-4f6f-823b-3901a6f74733/resourceGroups/WAN-HUB-and-SPOKE/providers/Microsoft.Compute/virtualMachines/NVA-Windows-VM"
          },
          "sensitive_attributes": []
        }
      ]
    },
    {
      "mode": "managed",
      "type": "azurerm_lb",
      "name": "hub_lb",
      "provider": "provider[\"registry.terraform.io/hashicorp/azurerm\"]",
      "instances": [
        {
          "schema_version": 0,
          "attributes": {
            "edge_zone": "",
            "frontend_ip_configuration": [
              {
                "gateway_load_balancer_frontend_ip_configuration_id": "",
                "id": "/subscriptions/6162102d-ca97-4f6f-823b-3901a6f74733/resourceGroups/WAN-HUB-and-SPOKE/providers/Microsoft.Network/loadBalancers/Hub-Public-LoadBalancer/frontendIPConfigurations/PublicIPAddress",
                "inbound_nat_rules": [
                  "/subscriptions/6162102d-ca97-4f6f-823b-3901a6f74733/resourceGroups/WAN-HUB-and-SPOKE/providers/Microsoft.Network/loadBalancers/Hub-Public-LoadBalancer/inboundNatRules/RDPAccess"
                ],
                "load_balancer_rules": [],
                "name": "PublicIPAddress",
                "outbound_rules": [],
                "private_ip_address": "",
                "private_ip_address_allocation": "Dynamic",
                "private_ip_address_version": "",
                "public_ip_address_id": "/subscriptions/6162102d-ca97-4f6f-823b-3901a6f74733/resourceGroups/WAN-HUB-and-SPOKE/providers/Microsoft.Network/publicIPAddresses/PublicIPForHUBLB",
                "public_ip_prefix_id": "",
                "subnet_id": "",
                "zones": []
              }
            ],
            "id": "/subscriptions/6162102d-ca97-4f6f-823b-3901a6f74733/resourceGroups/WAN-HUB-and-SPOKE/providers/Microsoft.Network/loadBalancers/Hub-Public-LoadBalancer",
            "location": "westeurope",
            "name": "Hub-Public-LoadBalancer",
            "private_ip_address": "",
            "private_ip_addresses": [],
            "resource_group_name": "WAN-HUB-and-SPOKE",
            "sku": "Basic",
            "sku_tier": "Regional",
            "tags": {
              "ManagedBy": "Terraform"
            },
            "timeouts": null
          },
          "sensitive_attributes": [],
          "private": "eyJlMmJmYjczMC1lY2FhLTExZTYtOGY4OC0zNDM2M2JjN2M0YzAiOnsiY3JlYXRlIjoxODAwMDAwMDAwMDAwLCJkZWxldGUiOjE4MDAwMDAwMDAwMDAsInJlYWQiOjMwMDAwMDAwMDAwMCwidXBkYXRlIjoxODAwMDAwMDAwMDAwfX0=",
          "dependencies": [
            "azurerm_public_ip.lb",
            "azurerm_resource_group.main"
          ]
        }
      ]
    },
    {
      "mode": "managed",
      "type": "azurerm_lb_backend_address_pool",
      "name": "lb",
      "provider": "provider[\"registry.terraform.io/hashicorp/azurerm\"]",
      "instances": [
        {
          "schema_version": 0,
          "attributes": {
            "backend_ip_configurations": [
              "/subscriptions/6162102d-ca97-4f6f-823b-3901a6f74733/resourceGroups/WAN-HUB-and-SPOKE/providers/Microsoft.Network/networkInterfaces/NVA-Windows-VM-nic/ipConfigurations/NVA-Windows-VM-nic0"
            ],
            "id": "/subscriptions/6162102d-ca97-4f6f-823b-3901a6f74733/resourceGroups/WAN-HUB-and-SPOKE/providers/Microsoft.Network/loadBalancers/Hub-Public-LoadBalancer/backendAddressPools/BackEndAddressPool",
            "inbound_nat_rules": [],
            "load_balancing_rules": [],
            "loadbalancer_id": "/subscriptions/6162102d-ca97-4f6f-823b-3901a6f74733/resourceGroups/WAN-HUB-and-SPOKE/providers/Microsoft.Network/loadBalancers/Hub-Public-LoadBalancer",
            "name": "BackEndAddressPool",
            "outbound_rules": [],
            "timeouts": null,
            "tunnel_interface": [],
            "virtual_network_id": ""
          },
          "sensitive_attributes": [],
          "private": "eyJlMmJmYjczMC1lY2FhLTExZTYtOGY4OC0zNDM2M2JjN2M0YzAiOnsiY3JlYXRlIjoxODAwMDAwMDAwMDAwLCJkZWxldGUiOjE4MDAwMDAwMDAwMDAsInJlYWQiOjMwMDAwMDAwMDAwMCwidXBkYXRlIjoxODAwMDAwMDAwMDAwfX0=",
          "dependencies": [
            "azurerm_lb.hub_lb",
            "azurerm_public_ip.lb",
            "azurerm_resource_group.main"
          ]
        }
      ]
    },
    {
      "mode": "managed",
      "type": "azurerm_lb_nat_rule",
      "name": "lb",
      "provider": "provider[\"registry.terraform.io/hashicorp/azurerm\"]",
      "instances": [
        {
          "schema_version": 0,
          "attributes": {
            "backend_address_pool_id": null,
            "backend_ip_configuration_id": "/subscriptions/6162102d-ca97-4f6f-823b-3901a6f74733/resourceGroups/WAN-HUB-and-SPOKE/providers/Microsoft.Network/networkInterfaces/NVA-Windows-VM-nic/ipConfigurations/NVA-Windows-VM-nic0",
            "backend_port": 3389,
            "enable_floating_ip": false,
            "enable_tcp_reset": false,
            "frontend_ip_configuration_id": "/subscriptions/6162102d-ca97-4f6f-823b-3901a6f74733/resourceGroups/WAN-HUB-and-SPOKE/providers/Microsoft.Network/loadBalancers/Hub-Public-LoadBalancer/frontendIPConfigurations/PublicIPAddress",
            "frontend_ip_configuration_name": "PublicIPAddress",
            "frontend_port": 3389,
            "frontend_port_end": null,
            "frontend_port_start": null,
            "id": "/subscriptions/6162102d-ca97-4f6f-823b-3901a6f74733/resourceGroups/WAN-HUB-and-SPOKE/providers/Microsoft.Network/loadBalancers/Hub-Public-LoadBalancer/inboundNatRules/RDPAccess",
            "idle_timeout_in_minutes": 4,
            "loadbalancer_id": "/subscriptions/6162102d-ca97-4f6f-823b-3901a6f74733/resourceGroups/WAN-HUB-and-SPOKE/providers/Microsoft.Network/loadBalancers/Hub-Public-LoadBalancer",
            "name": "RDPAccess",
            "protocol": "Tcp",
            "resource_group_name": "WAN-HUB-and-SPOKE",
            "timeouts": null
          },
          "sensitive_attributes": [],
          "private": "eyJlMmJmYjczMC1lY2FhLTExZTYtOGY4OC0zNDM2M2JjN2M0YzAiOnsiY3JlYXRlIjoxODAwMDAwMDAwMDAwLCJkZWxldGUiOjE4MDAwMDAwMDAwMDAsInJlYWQiOjMwMDAwMDAwMDAwMCwidXBkYXRlIjoxODAwMDAwMDAwMDAwfX0=",
          "dependencies": [
            "azurerm_lb.hub_lb",
            "azurerm_public_ip.lb",
            "azurerm_resource_group.main"
          ]
        }
      ]
    },
    {
      "mode": "managed",
      "type": "azurerm_network_interface_backend_address_pool_association",
      "name": "lb_nva_windows",
      "provider": "provider[\"registry.terraform.io/hashicorp/azurerm\"]",
      "instances": [
        {
          "schema_version": 0,
          "attributes": {
            "backend_address_pool_id": "/subscriptions/6162102d-ca97-4f6f-823b-3901a6f74733/resourceGroups/WAN-HUB-and-SPOKE/providers/Microsoft.Network/loadBalancers/Hub-Public-LoadBalancer/backendAddressPools/BackEndAddressPool",
            "id": "/subscriptions/6162102d-ca97-4f6f-823b-3901a6f74733/resourceGroups/WAN-HUB-and-SPOKE/providers/Microsoft.Network/networkInterfaces/NVA-Windows-VM-nic/ipConfigurations/NVA-Windows-VM-nic0|/subscriptions/6162102d-ca97-4f6f-823b-3901a6f74733/resourceGroups/WAN-HUB-and-SPOKE/providers/Microsoft.Network/loadBalancers/Hub-Public-LoadBalancer/backendAddressPools/BackEndAddressPool",
            "ip_configuration_name": "NVA-Windows-VM-nic0",
            "network_interface_id": "/subscriptions/6162102d-ca97-4f6f-823b-3901a6f74733/resourceGroups/WAN-HUB-and-SPOKE/providers/Microsoft.Network/networkInterfaces/NVA-Windows-VM-nic",
            "timeouts": null
          },
          "sensitive_attributes": [],
          "private": "eyJlMmJmYjczMC1lY2FhLTExZTYtOGY4OC0zNDM2M2JjN2M0YzAiOnsiY3JlYXRlIjoxODAwMDAwMDAwMDAwLCJkZWxldGUiOjE4MDAwMDAwMDAwMDAsInJlYWQiOjMwMDAwMDAwMDAwMCwidXBkYXRlIjoxODAwMDAwMDAwMDAwfX0=",
          "dependencies": [
            "azurerm_lb.hub_lb",
            "azurerm_lb_backend_address_pool.lb",
            "azurerm_public_ip.lb",
            "azurerm_resource_group.main",
            "data.azurerm_network_interface.created_nva_windows_vm_nic",
            "module.hub.azurerm_network_security_group.this",
            "module.hub.azurerm_network_security_rule.icmp_rule",
            "module.hub.azurerm_network_security_rule.rdp_rule",
            "module.hub.azurerm_network_security_rule.ssh_rule",
            "module.hub.azurerm_virtual_network.this",
            "module.nva_windows_vm.azurerm_linux_virtual_machine.vm_linux",
            "module.nva_windows_vm.azurerm_managed_disk.disk",
            "module.nva_windows_vm.azurerm_network_interface.vm",
            "module.nva_windows_vm.azurerm_storage_account.boot_diagnostics",
            "module.nva_windows_vm.azurerm_virtual_machine_data_disk_attachment.attachment",
            "module.nva_windows_vm.azurerm_virtual_machine_extension.extensions",
            "module.nva_windows_vm.azurerm_windows_virtual_machine.vm_windows",
            "module.nva_windows_vm.random_id.vm_sa"
          ]
        }
      ]
    },
    {
      "mode": "managed",
      "type": "azurerm_network_interface_nat_rule_association",
      "name": "lb_nva_windows_vm",
      "provider": "provider[\"registry.terraform.io/hashicorp/azurerm\"]",
      "instances": [
        {
          "schema_version": 0,
          "attributes": {
            "id": "/subscriptions/6162102d-ca97-4f6f-823b-3901a6f74733/resourceGroups/WAN-HUB-and-SPOKE/providers/Microsoft.Network/networkInterfaces/NVA-Windows-VM-nic/ipConfigurations/NVA-Windows-VM-nic0|/subscriptions/6162102d-ca97-4f6f-823b-3901a6f74733/resourceGroups/WAN-HUB-and-SPOKE/providers/Microsoft.Network/loadBalancers/Hub-Public-LoadBalancer/inboundNatRules/RDPAccess",
            "ip_configuration_name": "NVA-Windows-VM-nic0",
            "nat_rule_id": "/subscriptions/6162102d-ca97-4f6f-823b-3901a6f74733/resourceGroups/WAN-HUB-and-SPOKE/providers/Microsoft.Network/loadBalancers/Hub-Public-LoadBalancer/inboundNatRules/RDPAccess",
            "network_interface_id": "/subscriptions/6162102d-ca97-4f6f-823b-3901a6f74733/resourceGroups/WAN-HUB-and-SPOKE/providers/Microsoft.Network/networkInterfaces/NVA-Windows-VM-nic",
            "timeouts": null
          },
          "sensitive_attributes": [],
          "private": "eyJlMmJmYjczMC1lY2FhLTExZTYtOGY4OC0zNDM2M2JjN2M0YzAiOnsiY3JlYXRlIjoxODAwMDAwMDAwMDAwLCJkZWxldGUiOjE4MDAwMDAwMDAwMDAsInJlYWQiOjMwMDAwMDAwMDAwMCwidXBkYXRlIjoxODAwMDAwMDAwMDAwfX0=",
          "dependencies": [
            "azurerm_lb.hub_lb",
            "azurerm_lb_nat_rule.lb",
            "azurerm_public_ip.lb",
            "azurerm_resource_group.main",
            "data.azurerm_network_interface.created_nva_windows_vm_nic",
            "module.hub.azurerm_network_security_group.this",
            "module.hub.azurerm_network_security_rule.icmp_rule",
            "module.hub.azurerm_network_security_rule.rdp_rule",
            "module.hub.azurerm_network_security_rule.ssh_rule",
            "module.hub.azurerm_virtual_network.this",
            "module.nva_windows_vm.azurerm_linux_virtual_machine.vm_linux",
            "module.nva_windows_vm.azurerm_managed_disk.disk",
            "module.nva_windows_vm.azurerm_network_interface.vm",
            "module.nva_windows_vm.azurerm_storage_account.boot_diagnostics",
            "module.nva_windows_vm.azurerm_virtual_machine_data_disk_attachment.attachment",
            "module.nva_windows_vm.azurerm_virtual_machine_extension.extensions",
            "module.nva_windows_vm.azurerm_windows_virtual_machine.vm_windows",
            "module.nva_windows_vm.random_id.vm_sa"
          ]
        }
      ]
    },
    {
      "mode": "managed",
      "type": "azurerm_network_interface_security_group_association",
      "name": "compromised_linux_vm",
      "provider": "provider[\"registry.terraform.io/hashicorp/azurerm\"]",
      "instances": [
        {
          "schema_version": 0,
          "attributes": {
            "id": "/subscriptions/6162102d-ca97-4f6f-823b-3901a6f74733/resourceGroups/WAN-HUB-and-SPOKE/providers/Microsoft.Network/networkInterfaces/Compromised-Linux-VM-nic|/subscriptions/6162102d-ca97-4f6f-823b-3901a6f74733/resourceGroups/WAN-HUB-and-SPOKE/providers/Microsoft.Network/networkSecurityGroups/spoke_2-nsg",
            "network_interface_id": "/subscriptions/6162102d-ca97-4f6f-823b-3901a6f74733/resourceGroups/WAN-HUB-and-SPOKE/providers/Microsoft.Network/networkInterfaces/Compromised-Linux-VM-nic",
            "network_security_group_id": "/subscriptions/6162102d-ca97-4f6f-823b-3901a6f74733/resourceGroups/WAN-HUB-and-SPOKE/providers/Microsoft.Network/networkSecurityGroups/spoke_2-nsg",
            "timeouts": null
          },
          "sensitive_attributes": [],
          "private": "eyJlMmJmYjczMC1lY2FhLTExZTYtOGY4OC0zNDM2M2JjN2M0YzAiOnsiY3JlYXRlIjoxODAwMDAwMDAwMDAwLCJkZWxldGUiOjE4MDAwMDAwMDAwMDAsInJlYWQiOjMwMDAwMDAwMDAwMCwidXBkYXRlIjoxODAwMDAwMDAwMDAwfX0=",
          "dependencies": [
            "azurerm_public_ip.compromised_linux_vm",
            "azurerm_resource_group.main",
            "module.compromised_linux_vm.azurerm_network_interface.vm",
            "module.spoke_2.azurerm_network_security_group.this",
            "module.spoke_2.azurerm_network_security_rule.icmp_rule",
            "module.spoke_2.azurerm_network_security_rule.rdp_rule",
            "module.spoke_2.azurerm_network_security_rule.ssh_rule",
            "module.spoke_2.azurerm_virtual_network.this"
          ]
        }
      ]
    },
    {
      "mode": "managed",
      "type": "azurerm_network_interface_security_group_association",
      "name": "nva_windows_vm",
      "provider": "provider[\"registry.terraform.io/hashicorp/azurerm\"]",
      "instances": [
        {
          "schema_version": 0,
          "attributes": {
            "id": "/subscriptions/6162102d-ca97-4f6f-823b-3901a6f74733/resourceGroups/WAN-HUB-and-SPOKE/providers/Microsoft.Network/networkInterfaces/NVA-Windows-VM-nic|/subscriptions/6162102d-ca97-4f6f-823b-3901a6f74733/resourceGroups/WAN-HUB-and-SPOKE/providers/Microsoft.Network/networkSecurityGroups/hub-nsg",
            "network_interface_id": "/subscriptions/6162102d-ca97-4f6f-823b-3901a6f74733/resourceGroups/WAN-HUB-and-SPOKE/providers/Microsoft.Network/networkInterfaces/NVA-Windows-VM-nic",
            "network_security_group_id": "/subscriptions/6162102d-ca97-4f6f-823b-3901a6f74733/resourceGroups/WAN-HUB-and-SPOKE/providers/Microsoft.Network/networkSecurityGroups/hub-nsg",
            "timeouts": null
          },
          "sensitive_attributes": [],
          "private": "eyJlMmJmYjczMC1lY2FhLTExZTYtOGY4OC0zNDM2M2JjN2M0YzAiOnsiY3JlYXRlIjoxODAwMDAwMDAwMDAwLCJkZWxldGUiOjE4MDAwMDAwMDAwMDAsInJlYWQiOjMwMDAwMDAwMDAwMCwidXBkYXRlIjoxODAwMDAwMDAwMDAwfX0=",
          "dependencies": [
            "azurerm_public_ip.lb",
            "azurerm_resource_group.main",
            "module.hub.azurerm_network_security_group.this",
            "module.hub.azurerm_network_security_rule.icmp_rule",
            "module.hub.azurerm_network_security_rule.rdp_rule",
            "module.hub.azurerm_network_security_rule.ssh_rule",
            "module.hub.azurerm_virtual_network.this",
            "module.nva_windows_vm.azurerm_network_interface.vm"
          ]
        }
      ]
    },
    {
      "mode": "managed",
      "type": "azurerm_network_interface_security_group_association",
      "name": "vulnerable_windows_vm",
      "provider": "provider[\"registry.terraform.io/hashicorp/azurerm\"]",
      "instances": [
        {
          "schema_version": 0,
          "attributes": {
            "id": "/subscriptions/6162102d-ca97-4f6f-823b-3901a6f74733/resourceGroups/WAN-HUB-and-SPOKE/providers/Microsoft.Network/networkInterfaces/Vuln-Win2008-VM-nic|/subscriptions/6162102d-ca97-4f6f-823b-3901a6f74733/resourceGroups/WAN-HUB-and-SPOKE/providers/Microsoft.Network/networkSecurityGroups/spoke_1-nsg",
            "network_interface_id": "/subscriptions/6162102d-ca97-4f6f-823b-3901a6f74733/resourceGroups/WAN-HUB-and-SPOKE/providers/Microsoft.Network/networkInterfaces/Vuln-Win2008-VM-nic",
            "network_security_group_id": "/subscriptions/6162102d-ca97-4f6f-823b-3901a6f74733/resourceGroups/WAN-HUB-and-SPOKE/providers/Microsoft.Network/networkSecurityGroups/spoke_1-nsg",
            "timeouts": null
          },
          "sensitive_attributes": [],
          "private": "eyJlMmJmYjczMC1lY2FhLTExZTYtOGY4OC0zNDM2M2JjN2M0YzAiOnsiY3JlYXRlIjoxODAwMDAwMDAwMDAwLCJkZWxldGUiOjE4MDAwMDAwMDAwMDAsInJlYWQiOjMwMDAwMDAwMDAwMCwidXBkYXRlIjoxODAwMDAwMDAwMDAwfX0=",
          "dependencies": [
            "azurerm_resource_group.main",
            "module.spoke_1.azurerm_network_security_group.this",
            "module.spoke_1.azurerm_network_security_rule.icmp_rule",
            "module.spoke_1.azurerm_network_security_rule.rdp_rule",
            "module.spoke_1.azurerm_network_security_rule.ssh_rule",
            "module.spoke_1.azurerm_virtual_network.this",
            "module.vulnerable_windows_vm.azurerm_network_interface.vm"
          ]
        }
      ]
    },
    {
      "mode": "managed",
      "type": "azurerm_private_dns_zone",
      "name": "spoke_1",
      "provider": "provider[\"registry.terraform.io/hashicorp/azurerm\"]",
      "instances": [
        {
          "schema_version": 0,
          "attributes": {
            "id": "/subscriptions/6162102d-ca97-4f6f-823b-3901a6f74733/resourceGroups/WAN-HUB-and-SPOKE/providers/Microsoft.Network/privateDnsZones/privatelink.blob.core.windows.net",
            "max_number_of_record_sets": 25000,
            "max_number_of_virtual_network_links": 1000,
            "max_number_of_virtual_network_links_with_registration": 100,
            "name": "privatelink.blob.core.windows.net",
            "number_of_record_sets": 2,
            "resource_group_name": "WAN-HUB-and-SPOKE",
            "soa_record": [
              {
                "email": "azureprivatedns-host.microsoft.com",
                "expire_time": 2419200,
                "fqdn": "privatelink.blob.core.windows.net.",
                "host_name": "azureprivatedns.net",
                "minimum_ttl": 10,
                "refresh_time": 3600,
                "retry_time": 300,
                "serial_number": 1,
                "tags": {},
                "ttl": 3600
              }
            ],
            "tags": {},
            "timeouts": null
          },
          "sensitive_attributes": [],
          "private": "eyJlMmJmYjczMC1lY2FhLTExZTYtOGY4OC0zNDM2M2JjN2M0YzAiOnsiY3JlYXRlIjoxODAwMDAwMDAwMDAwLCJkZWxldGUiOjE4MDAwMDAwMDAwMDAsInJlYWQiOjMwMDAwMDAwMDAwMCwidXBkYXRlIjoxODAwMDAwMDAwMDAwfX0=",
          "dependencies": [
            "azurerm_resource_group.main"
          ]
        }
      ]
    },
    {
      "mode": "managed",
      "type": "azurerm_private_dns_zone_virtual_network_link",
      "name": "this",
      "provider": "provider[\"registry.terraform.io/hashicorp/azurerm\"]",
      "instances": [
        {
          "schema_version": 0,
          "attributes": {
            "id": "/subscriptions/6162102d-ca97-4f6f-823b-3901a6f74733/resourceGroups/WAN-HUB-and-SPOKE/providers/Microsoft.Network/privateDnsZones/privatelink.blob.core.windows.net/virtualNetworkLinks/storageaccount-link",
            "name": "storageaccount-link",
            "private_dns_zone_name": "privatelink.blob.core.windows.net",
            "registration_enabled": false,
            "resource_group_name": "WAN-HUB-and-SPOKE",
            "tags": {},
            "timeouts": null,
            "virtual_network_id": "/subscriptions/6162102d-ca97-4f6f-823b-3901a6f74733/resourceGroups/WAN-HUB-and-SPOKE/providers/Microsoft.Network/virtualNetworks/SPOKE_1"
          },
          "sensitive_attributes": [],
          "private": "eyJlMmJmYjczMC1lY2FhLTExZTYtOGY4OC0zNDM2M2JjN2M0YzAiOnsiY3JlYXRlIjoxODAwMDAwMDAwMDAwLCJkZWxldGUiOjE4MDAwMDAwMDAwMDAsInJlYWQiOjMwMDAwMDAwMDAwMCwidXBkYXRlIjoxODAwMDAwMDAwMDAwfX0=",
          "dependencies": [
            "azurerm_private_dns_zone.spoke_1",
            "azurerm_resource_group.main",
            "module.spoke_1.azurerm_network_security_group.this",
            "module.spoke_1.azurerm_virtual_network.this"
          ]
        }
      ]
    },
    {
      "mode": "managed",
      "type": "azurerm_private_endpoint",
      "name": "storageaccountdemofilip",
      "provider": "provider[\"registry.terraform.io/hashicorp/azurerm\"]",
      "instances": [
        {
          "schema_version": 0,
          "attributes": {
            "custom_dns_configs": [],
            "custom_network_interface_name": "",
            "id": "/subscriptions/6162102d-ca97-4f6f-823b-3901a6f74733/resourceGroups/WAN-HUB-and-SPOKE/providers/Microsoft.Network/privateEndpoints/Private-Endpoint-SA",
            "ip_configuration": [],
            "location": "westeurope",
            "name": "Private-Endpoint-SA",
            "network_interface": [
              {
                "id": "/subscriptions/6162102d-ca97-4f6f-823b-3901a6f74733/resourceGroups/WAN-HUB-and-SPOKE/providers/Microsoft.Network/networkInterfaces/Private-Endpoint-SA.nic.079dc007-88d2-4511-8cc4-5a85ba268566",
                "name": "Private-Endpoint-SA.nic.079dc007-88d2-4511-8cc4-5a85ba268566"
              }
            ],
            "private_dns_zone_configs": [
              {
                "id": "/subscriptions/6162102d-ca97-4f6f-823b-3901a6f74733/resourceGroups/WAN-HUB-and-SPOKE/providers/Microsoft.Network/privateEndpoints/Private-Endpoint-SA/privateDnsZoneGroups/dns-zone-group/privateDnsZoneConfigs/privatelink.blob.core.windows.net",
                "name": "privatelink.blob.core.windows.net",
                "private_dns_zone_id": "/subscriptions/6162102d-ca97-4f6f-823b-3901a6f74733/resourceGroups/WAN-HUB-and-SPOKE/providers/Microsoft.Network/privateDnsZones/privatelink.blob.core.windows.net",
                "record_sets": [
                  {
                    "fqdn": "storageaccountdemofilip.privatelink.blob.core.windows.net",
                    "ip_addresses": [
                      "10.1.0.5"
                    ],
                    "name": "storageaccountdemofilip",
                    "ttl": 10,
                    "type": "A"
                  }
                ]
              }
            ],
            "private_dns_zone_group": [
              {
                "id": "/subscriptions/6162102d-ca97-4f6f-823b-3901a6f74733/resourceGroups/WAN-HUB-and-SPOKE/providers/Microsoft.Network/privateEndpoints/Private-Endpoint-SA/privateDnsZoneGroups/dns-zone-group",
                "name": "dns-zone-group",
                "private_dns_zone_ids": [
                  "/subscriptions/6162102d-ca97-4f6f-823b-3901a6f74733/resourceGroups/WAN-HUB-and-SPOKE/providers/Microsoft.Network/privateDnsZones/privatelink.blob.core.windows.net"
                ]
              }
            ],
            "private_service_connection": [
              {
                "is_manual_connection": false,
                "name": "privateserviceconnection",
                "private_connection_resource_alias": "",
                "private_connection_resource_id": "/subscriptions/6162102d-ca97-4f6f-823b-3901a6f74733/resourceGroups/WAN-HUB-and-SPOKE/providers/Microsoft.Storage/storageAccounts/storageaccountdemofilip",
                "private_ip_address": "10.1.0.5",
                "request_message": "",
                "subresource_names": [
                  "blob"
                ]
              }
            ],
            "resource_group_name": "WAN-HUB-and-SPOKE",
            "subnet_id": "/subscriptions/6162102d-ca97-4f6f-823b-3901a6f74733/resourceGroups/WAN-HUB-and-SPOKE/providers/Microsoft.Network/virtualNetworks/SPOKE_1/subnets/subnet1",
            "tags": {},
            "timeouts": null
          },
          "sensitive_attributes": [],
          "private": "eyJlMmJmYjczMC1lY2FhLTExZTYtOGY4OC0zNDM2M2JjN2M0YzAiOnsiY3JlYXRlIjozNjAwMDAwMDAwMDAwLCJkZWxldGUiOjM2MDAwMDAwMDAwMDAsInJlYWQiOjMwMDAwMDAwMDAwMCwidXBkYXRlIjozNjAwMDAwMDAwMDAwfX0=",
          "dependencies": [
            "azurerm_private_dns_zone.spoke_1",
            "azurerm_resource_group.main",
            "azurerm_storage_account.spoke_1",
            "module.spoke_1.azurerm_network_security_group.this",
            "module.spoke_1.azurerm_virtual_network.this"
          ]
        }
      ]
    },
    {
      "mode": "managed",
      "type": "azurerm_public_ip",
      "name": "compromised_linux_vm",
      "provider": "provider[\"registry.terraform.io/hashicorp/azurerm\"]",
      "instances": [
        {
          "schema_version": 0,
          "attributes": {
            "allocation_method": "Static",
            "ddos_protection_mode": "VirtualNetworkInherited",
            "ddos_protection_plan_id": null,
            "domain_name_label": null,
            "edge_zone": "",
            "fqdn": null,
            "id": "/subscriptions/6162102d-ca97-4f6f-823b-3901a6f74733/resourceGroups/WAN-HUB-and-SPOKE/providers/Microsoft.Network/publicIPAddresses/PublicIPforLinux",
            "idle_timeout_in_minutes": 4,
            "ip_address": "51.137.54.178",
            "ip_tags": {},
            "ip_version": "IPv4",
            "location": "westeurope",
            "name": "PublicIPforLinux",
            "public_ip_prefix_id": null,
            "resource_group_name": "WAN-HUB-and-SPOKE",
            "reverse_fqdn": null,
            "sku": "Standard",
            "sku_tier": "Regional",
            "tags": {
              "ManagedBy": "Terraform"
            },
            "timeouts": null,
            "zones": []
          },
          "sensitive_attributes": [],
          "private": "eyJlMmJmYjczMC1lY2FhLTExZTYtOGY4OC0zNDM2M2JjN2M0YzAiOnsiY3JlYXRlIjoxODAwMDAwMDAwMDAwLCJkZWxldGUiOjE4MDAwMDAwMDAwMDAsInJlYWQiOjMwMDAwMDAwMDAwMCwidXBkYXRlIjoxODAwMDAwMDAwMDAwfX0=",
          "dependencies": [
            "azurerm_resource_group.main"
          ]
        }
      ]
    },
    {
      "mode": "managed",
      "type": "azurerm_public_ip",
      "name": "lb",
      "provider": "provider[\"registry.terraform.io/hashicorp/azurerm\"]",
      "instances": [
        {
          "schema_version": 0,
          "attributes": {
            "allocation_method": "Static",
            "ddos_protection_mode": "VirtualNetworkInherited",
            "ddos_protection_plan_id": null,
            "domain_name_label": null,
            "edge_zone": "",
            "fqdn": null,
            "id": "/subscriptions/6162102d-ca97-4f6f-823b-3901a6f74733/resourceGroups/WAN-HUB-and-SPOKE/providers/Microsoft.Network/publicIPAddresses/PublicIPForHUBLB",
            "idle_timeout_in_minutes": 4,
            "ip_address": "51.144.162.200",
            "ip_tags": {},
            "ip_version": "IPv4",
            "location": "westeurope",
            "name": "PublicIPForHUBLB",
            "public_ip_prefix_id": null,
            "resource_group_name": "WAN-HUB-and-SPOKE",
            "reverse_fqdn": null,
            "sku": "Basic",
            "sku_tier": "Regional",
            "tags": {
              "ManagedBy": "Terraform"
            },
            "timeouts": null,
            "zones": []
          },
          "sensitive_attributes": [],
          "private": "eyJlMmJmYjczMC1lY2FhLTExZTYtOGY4OC0zNDM2M2JjN2M0YzAiOnsiY3JlYXRlIjoxODAwMDAwMDAwMDAwLCJkZWxldGUiOjE4MDAwMDAwMDAwMDAsInJlYWQiOjMwMDAwMDAwMDAwMCwidXBkYXRlIjoxODAwMDAwMDAwMDAwfX0=",
          "dependencies": [
            "azurerm_resource_group.main"
          ]
        }
      ]
    },
    {
      "mode": "managed",
      "type": "azurerm_resource_group",
      "name": "main",
      "provider": "provider[\"registry.terraform.io/hashicorp/azurerm\"]",
      "instances": [
        {
          "schema_version": 0,
          "attributes": {
            "id": "/subscriptions/6162102d-ca97-4f6f-823b-3901a6f74733/resourceGroups/WAN-HUB-and-SPOKE",
            "location": "westeurope",
            "name": "WAN-HUB-and-SPOKE",
            "tags": {},
            "timeouts": null
          },
          "sensitive_attributes": [],
          "private": "eyJlMmJmYjczMC1lY2FhLTExZTYtOGY4OC0zNDM2M2JjN2M0YzAiOnsiY3JlYXRlIjo1NDAwMDAwMDAwMDAwLCJkZWxldGUiOjU0MDAwMDAwMDAwMDAsInJlYWQiOjMwMDAwMDAwMDAwMCwidXBkYXRlIjo1NDAwMDAwMDAwMDAwfX0="
        }
      ]
    },
    {
      "mode": "managed",
      "type": "azurerm_storage_account",
      "name": "spoke_1",
      "provider": "provider[\"registry.terraform.io/hashicorp/azurerm\"]",
      "instances": [
        {
          "schema_version": 3,
          "attributes": {
            "access_tier": "Hot",
            "account_kind": "StorageV2",
            "account_replication_type": "LRS",
            "account_tier": "Standard",
            "allow_nested_items_to_be_public": true,
            "allowed_copy_scope": "",
            "azure_files_authentication": [],
            "blob_properties": [
              {
                "change_feed_enabled": false,
                "change_feed_retention_in_days": 0,
                "container_delete_retention_policy": [],
                "cors_rule": [],
                "default_service_version": "",
                "delete_retention_policy": [],
                "last_access_time_enabled": false,
                "restore_policy": [],
                "versioning_enabled": false
              }
            ],
            "cross_tenant_replication_enabled": true,
            "custom_domain": [],
            "customer_managed_key": [],
            "default_to_oauth_authentication": false,
            "edge_zone": "",
            "enable_https_traffic_only": true,
            "id": "/subscriptions/6162102d-ca97-4f6f-823b-3901a6f74733/resourceGroups/WAN-HUB-and-SPOKE/providers/Microsoft.Storage/storageAccounts/storageaccountdemofilip",
            "identity": [],
            "immutability_policy": [],
            "infrastructure_encryption_enabled": false,
            "is_hns_enabled": false,
            "large_file_share_enabled": null,
            "location": "westeurope",
            "min_tls_version": "TLS1_2",
            "name": "storageaccountdemofilip",
            "network_rules": [
              {
                "bypass": [
                  "Metrics"
                ],
                "default_action": "Deny",
                "ip_rules": [
                  "165.225.194.94",
                  "89.23.224.8"
                ],
                "private_link_access": [],
                "virtual_network_subnet_ids": []
              }
            ],
            "nfsv3_enabled": false,
            "primary_access_key": "irYmm8Y1Eb/kwqsudzOC4Fx4BTuG7noosVZjM4eH6ht/nGTQ0wyYEOU9WC8nTBIjggZ6aZo0goTy+AStP0Eq1w==",
            "primary_blob_connection_string": "DefaultEndpointsProtocol=https;BlobEndpoint=https://storageaccountdemofilip.blob.core.windows.net/;AccountName=storageaccountdemofilip;AccountKey=irYmm8Y1Eb/kwqsudzOC4Fx4BTuG7noosVZjM4eH6ht/nGTQ0wyYEOU9WC8nTBIjggZ6aZo0goTy+AStP0Eq1w==",
            "primary_blob_endpoint": "https://storageaccountdemofilip.blob.core.windows.net/",
            "primary_blob_host": "storageaccountdemofilip.blob.core.windows.net",
            "primary_connection_string": "DefaultEndpointsProtocol=https;AccountName=storageaccountdemofilip;AccountKey=irYmm8Y1Eb/kwqsudzOC4Fx4BTuG7noosVZjM4eH6ht/nGTQ0wyYEOU9WC8nTBIjggZ6aZo0goTy+AStP0Eq1w==;EndpointSuffix=core.windows.net",
            "primary_dfs_endpoint": "https://storageaccountdemofilip.dfs.core.windows.net/",
            "primary_dfs_host": "storageaccountdemofilip.dfs.core.windows.net",
            "primary_file_endpoint": "https://storageaccountdemofilip.file.core.windows.net/",
            "primary_file_host": "storageaccountdemofilip.file.core.windows.net",
            "primary_location": "westeurope",
            "primary_queue_endpoint": "https://storageaccountdemofilip.queue.core.windows.net/",
            "primary_queue_host": "storageaccountdemofilip.queue.core.windows.net",
            "primary_table_endpoint": "https://storageaccountdemofilip.table.core.windows.net/",
            "primary_table_host": "storageaccountdemofilip.table.core.windows.net",
            "primary_web_endpoint": "https://storageaccountdemofilip.z6.web.core.windows.net/",
            "primary_web_host": "storageaccountdemofilip.z6.web.core.windows.net",
            "public_network_access_enabled": true,
            "queue_encryption_key_type": "Service",
            "queue_properties": [
              {
                "cors_rule": [],
                "hour_metrics": [
                  {
                    "enabled": true,
                    "include_apis": true,
                    "retention_policy_days": 7,
                    "version": "1.0"
                  }
                ],
                "logging": [
                  {
                    "delete": false,
                    "read": false,
                    "retention_policy_days": 0,
                    "version": "1.0",
                    "write": false
                  }
                ],
                "minute_metrics": [
                  {
                    "enabled": false,
                    "include_apis": false,
                    "retention_policy_days": 0,
                    "version": "1.0"
                  }
                ]
              }
            ],
            "resource_group_name": "WAN-HUB-and-SPOKE",
            "routing": [],
            "sas_policy": [],
            "secondary_access_key": "+sUJ1b8VnOUfn4kD0LxPH08Ndyv1DNR5+Wn6YRJ52HMiBII4R0gBo2a89UZbdEepSsmmDXvMZrfH+AStiCLyog==",
            "secondary_blob_connection_string": "",
            "secondary_blob_endpoint": null,
            "secondary_blob_host": null,
            "secondary_connection_string": "DefaultEndpointsProtocol=https;AccountName=storageaccountdemofilip;AccountKey=+sUJ1b8VnOUfn4kD0LxPH08Ndyv1DNR5+Wn6YRJ52HMiBII4R0gBo2a89UZbdEepSsmmDXvMZrfH+AStiCLyog==;EndpointSuffix=core.windows.net",
            "secondary_dfs_endpoint": null,
            "secondary_dfs_host": null,
            "secondary_file_endpoint": null,
            "secondary_file_host": null,
            "secondary_location": "",
            "secondary_queue_endpoint": null,
            "secondary_queue_host": null,
            "secondary_table_endpoint": null,
            "secondary_table_host": null,
            "secondary_web_endpoint": null,
            "secondary_web_host": null,
            "sftp_enabled": false,
            "share_properties": [
              {
                "cors_rule": [],
                "retention_policy": [
                  {
                    "days": 7
                  }
                ],
                "smb": []
              }
            ],
            "shared_access_key_enabled": true,
            "static_website": [],
            "table_encryption_key_type": "Service",
            "tags": {
              "ManagedBy": "Terraform"
            },
            "timeouts": null
          },
          "sensitive_attributes": [],
          "private": "eyJlMmJmYjczMC1lY2FhLTExZTYtOGY4OC0zNDM2M2JjN2M0YzAiOnsiY3JlYXRlIjozNjAwMDAwMDAwMDAwLCJkZWxldGUiOjM2MDAwMDAwMDAwMDAsInJlYWQiOjMwMDAwMDAwMDAwMCwidXBkYXRlIjozNjAwMDAwMDAwMDAwfSwic2NoZW1hX3ZlcnNpb24iOiIzIn0=",
          "dependencies": [
            "azurerm_resource_group.main"
          ]
        }
      ]
    },
    {
      "mode": "managed",
      "type": "azurerm_storage_account_network_rules",
      "name": "storageaccountdemofilip",
      "provider": "provider[\"registry.terraform.io/hashicorp/azurerm\"]",
      "instances": [
        {
          "schema_version": 0,
          "attributes": {
            "bypass": [
              "Metrics"
            ],
            "default_action": "Deny",
            "id": "/subscriptions/6162102d-ca97-4f6f-823b-3901a6f74733/resourceGroups/WAN-HUB-and-SPOKE/providers/Microsoft.Storage/storageAccounts/storageaccountdemofilip",
            "ip_rules": [
              "165.225.194.94",
              "89.23.224.8"
            ],
            "private_link_access": [],
            "storage_account_id": "/subscriptions/6162102d-ca97-4f6f-823b-3901a6f74733/resourceGroups/WAN-HUB-and-SPOKE/providers/Microsoft.Storage/storageAccounts/storageaccountdemofilip",
            "timeouts": null,
            "virtual_network_subnet_ids": []
          },
          "sensitive_attributes": [],
          "private": "eyJlMmJmYjczMC1lY2FhLTExZTYtOGY4OC0zNDM2M2JjN2M0YzAiOnsiY3JlYXRlIjozNjAwMDAwMDAwMDAwLCJkZWxldGUiOjM2MDAwMDAwMDAwMDAsInJlYWQiOjMwMDAwMDAwMDAwMCwidXBkYXRlIjozNjAwMDAwMDAwMDAwfX0=",
          "dependencies": [
            "azurerm_resource_group.main",
            "azurerm_storage_account.spoke_1"
          ]
        }
      ]
    },
    {
      "mode": "managed",
      "type": "azurerm_storage_container",
      "name": "container",
      "provider": "provider[\"registry.terraform.io/hashicorp/azurerm\"]",
      "instances": [
        {
          "schema_version": 1,
          "attributes": {
            "container_access_type": "container",
            "has_immutability_policy": false,
            "has_legal_hold": false,
            "id": "https://storageaccountdemofilip.blob.core.windows.net/top-secret-docs",
            "metadata": {},
            "name": "top-secret-docs",
            "resource_manager_id": "/subscriptions/6162102d-ca97-4f6f-823b-3901a6f74733/resourceGroups/WAN-HUB-and-SPOKE/providers/Microsoft.Storage/storageAccounts/storageaccountdemofilip/blobServices/default/containers/top-secret-docs",
            "storage_account_name": "storageaccountdemofilip",
            "timeouts": null
          },
          "sensitive_attributes": [],
          "private": "eyJlMmJmYjczMC1lY2FhLTExZTYtOGY4OC0zNDM2M2JjN2M0YzAiOnsiY3JlYXRlIjoxODAwMDAwMDAwMDAwLCJkZWxldGUiOjE4MDAwMDAwMDAwMDAsInJlYWQiOjMwMDAwMDAwMDAwMCwidXBkYXRlIjoxODAwMDAwMDAwMDAwfSwic2NoZW1hX3ZlcnNpb24iOiIxIn0=",
          "dependencies": [
            "azurerm_resource_group.main",
            "azurerm_storage_account.spoke_1"
          ]
        }
      ]
    },
    {
      "mode": "managed",
      "type": "azurerm_virtual_network_peering",
      "name": "hub_to_spoke_1",
      "provider": "provider[\"registry.terraform.io/hashicorp/azurerm\"]",
      "instances": [
        {
          "schema_version": 0,
          "attributes": {
            "allow_forwarded_traffic": true,
            "allow_gateway_transit": false,
            "allow_virtual_network_access": true,
            "id": "/subscriptions/6162102d-ca97-4f6f-823b-3901a6f74733/resourceGroups/WAN-HUB-and-SPOKE/providers/Microsoft.Network/virtualNetworks/HUB/virtualNetworkPeerings/hub_to_spoke_1",
            "name": "hub_to_spoke_1",
            "remote_virtual_network_id": "/subscriptions/6162102d-ca97-4f6f-823b-3901a6f74733/resourceGroups/WAN-HUB-and-SPOKE/providers/Microsoft.Network/virtualNetworks/SPOKE_1",
            "resource_group_name": "WAN-HUB-and-SPOKE",
            "timeouts": null,
            "triggers": null,
            "use_remote_gateways": false,
            "virtual_network_name": "HUB"
          },
          "sensitive_attributes": [],
          "private": "eyJlMmJmYjczMC1lY2FhLTExZTYtOGY4OC0zNDM2M2JjN2M0YzAiOnsiY3JlYXRlIjoxODAwMDAwMDAwMDAwLCJkZWxldGUiOjE4MDAwMDAwMDAwMDAsInJlYWQiOjMwMDAwMDAwMDAwMCwidXBkYXRlIjoxODAwMDAwMDAwMDAwfX0=",
          "dependencies": [
            "azurerm_resource_group.main",
            "module.hub.azurerm_network_security_group.this",
            "module.hub.azurerm_virtual_network.this",
            "module.spoke_1.azurerm_network_security_group.this",
            "module.spoke_1.azurerm_virtual_network.this"
          ]
        }
      ]
    },
    {
      "mode": "managed",
      "type": "azurerm_virtual_network_peering",
      "name": "hub_to_spoke_2",
      "provider": "provider[\"registry.terraform.io/hashicorp/azurerm\"]",
      "instances": [
        {
          "schema_version": 0,
          "attributes": {
            "allow_forwarded_traffic": true,
            "allow_gateway_transit": false,
            "allow_virtual_network_access": true,
            "id": "/subscriptions/6162102d-ca97-4f6f-823b-3901a6f74733/resourceGroups/WAN-HUB-and-SPOKE/providers/Microsoft.Network/virtualNetworks/HUB/virtualNetworkPeerings/hub_to_spoke_2",
            "name": "hub_to_spoke_2",
            "remote_virtual_network_id": "/subscriptions/6162102d-ca97-4f6f-823b-3901a6f74733/resourceGroups/WAN-HUB-and-SPOKE/providers/Microsoft.Network/virtualNetworks/SPOKE_2",
            "resource_group_name": "WAN-HUB-and-SPOKE",
            "timeouts": null,
            "triggers": null,
            "use_remote_gateways": false,
            "virtual_network_name": "HUB"
          },
          "sensitive_attributes": [],
          "private": "eyJlMmJmYjczMC1lY2FhLTExZTYtOGY4OC0zNDM2M2JjN2M0YzAiOnsiY3JlYXRlIjoxODAwMDAwMDAwMDAwLCJkZWxldGUiOjE4MDAwMDAwMDAwMDAsInJlYWQiOjMwMDAwMDAwMDAwMCwidXBkYXRlIjoxODAwMDAwMDAwMDAwfX0=",
          "dependencies": [
            "azurerm_resource_group.main",
            "module.hub.azurerm_network_security_group.this",
            "module.hub.azurerm_virtual_network.this",
            "module.spoke_2.azurerm_network_security_group.this",
            "module.spoke_2.azurerm_virtual_network.this"
          ]
        }
      ]
    },
    {
      "mode": "managed",
      "type": "azurerm_virtual_network_peering",
      "name": "spoke_1_to_hub",
      "provider": "provider[\"registry.terraform.io/hashicorp/azurerm\"]",
      "instances": [
        {
          "schema_version": 0,
          "attributes": {
            "allow_forwarded_traffic": true,
            "allow_gateway_transit": false,
            "allow_virtual_network_access": true,
            "id": "/subscriptions/6162102d-ca97-4f6f-823b-3901a6f74733/resourceGroups/WAN-HUB-and-SPOKE/providers/Microsoft.Network/virtualNetworks/SPOKE_1/virtualNetworkPeerings/spoke_1_to_hub",
            "name": "spoke_1_to_hub",
            "remote_virtual_network_id": "/subscriptions/6162102d-ca97-4f6f-823b-3901a6f74733/resourceGroups/WAN-HUB-and-SPOKE/providers/Microsoft.Network/virtualNetworks/HUB",
            "resource_group_name": "WAN-HUB-and-SPOKE",
            "timeouts": null,
            "triggers": null,
            "use_remote_gateways": false,
            "virtual_network_name": "SPOKE_1"
          },
          "sensitive_attributes": [],
          "private": "eyJlMmJmYjczMC1lY2FhLTExZTYtOGY4OC0zNDM2M2JjN2M0YzAiOnsiY3JlYXRlIjoxODAwMDAwMDAwMDAwLCJkZWxldGUiOjE4MDAwMDAwMDAwMDAsInJlYWQiOjMwMDAwMDAwMDAwMCwidXBkYXRlIjoxODAwMDAwMDAwMDAwfX0=",
          "dependencies": [
            "azurerm_resource_group.main",
            "module.hub.azurerm_network_security_group.this",
            "module.hub.azurerm_virtual_network.this",
            "module.spoke_1.azurerm_network_security_group.this",
            "module.spoke_1.azurerm_virtual_network.this"
          ]
        }
      ]
    },
    {
      "mode": "managed",
      "type": "azurerm_virtual_network_peering",
      "name": "spoke_2_to_hub",
      "provider": "provider[\"registry.terraform.io/hashicorp/azurerm\"]",
      "instances": [
        {
          "schema_version": 0,
          "attributes": {
            "allow_forwarded_traffic": true,
            "allow_gateway_transit": false,
            "allow_virtual_network_access": true,
            "id": "/subscriptions/6162102d-ca97-4f6f-823b-3901a6f74733/resourceGroups/WAN-HUB-and-SPOKE/providers/Microsoft.Network/virtualNetworks/SPOKE_2/virtualNetworkPeerings/spoke_2_to_hub",
            "name": "spoke_2_to_hub",
            "remote_virtual_network_id": "/subscriptions/6162102d-ca97-4f6f-823b-3901a6f74733/resourceGroups/WAN-HUB-and-SPOKE/providers/Microsoft.Network/virtualNetworks/HUB",
            "resource_group_name": "WAN-HUB-and-SPOKE",
            "timeouts": null,
            "triggers": null,
            "use_remote_gateways": false,
            "virtual_network_name": "SPOKE_2"
          },
          "sensitive_attributes": [],
          "private": "eyJlMmJmYjczMC1lY2FhLTExZTYtOGY4OC0zNDM2M2JjN2M0YzAiOnsiY3JlYXRlIjoxODAwMDAwMDAwMDAwLCJkZWxldGUiOjE4MDAwMDAwMDAwMDAsInJlYWQiOjMwMDAwMDAwMDAwMCwidXBkYXRlIjoxODAwMDAwMDAwMDAwfX0=",
          "dependencies": [
            "azurerm_resource_group.main",
            "module.hub.azurerm_network_security_group.this",
            "module.hub.azurerm_virtual_network.this",
            "module.spoke_2.azurerm_network_security_group.this",
            "module.spoke_2.azurerm_virtual_network.this"
          ]
        }
      ]
    },
    {
      "mode": "managed",
      "type": "null_resource",
      "name": "run_linux_config_script",
      "provider": "provider[\"registry.terraform.io/hashicorp/null\"]",
      "instances": [
        {
          "schema_version": 0,
          "attributes": {
            "id": "6436776208728014736",
            "triggers": {
              "vm_id": "/subscriptions/6162102d-ca97-4f6f-823b-3901a6f74733/resourceGroups/WAN-HUB-and-SPOKE/providers/Microsoft.Compute/virtualMachines/Compromised-Linux-VM"
            }
          },
          "sensitive_attributes": [],
          "dependencies": [
            "azurerm_public_ip.compromised_linux_vm",
            "azurerm_resource_group.main",
            "module.compromised_linux_vm.azurerm_linux_virtual_machine.vm_linux",
            "module.compromised_linux_vm.azurerm_network_interface.vm",
            "module.compromised_linux_vm.azurerm_storage_account.boot_diagnostics",
            "module.compromised_linux_vm.azurerm_windows_virtual_machine.vm_windows",
            "module.spoke_2.azurerm_network_security_group.this",
            "module.spoke_2.azurerm_network_security_rule.icmp_rule",
            "module.spoke_2.azurerm_network_security_rule.rdp_rule",
            "module.spoke_2.azurerm_network_security_rule.ssh_rule",
            "module.spoke_2.azurerm_virtual_network.this"
          ]
        }
      ]
    },
    {
      "module": "module.compromised_linux_vm",
      "mode": "managed",
      "type": "azurerm_linux_virtual_machine",
      "name": "vm_linux",
      "provider": "provider[\"registry.terraform.io/hashicorp/azurerm\"]",
      "instances": [
        {
          "index_key": 0,
          "schema_version": 0,
          "attributes": {
            "additional_capabilities": [],
            "admin_password": "t12345678T",
            "admin_ssh_key": [
              {
                "public_key": "ssh-rsa AAAAB3NzaC1yc2EAAAADAQABAAABgQDUIA0okTK1Z++LRzgEqV5BmfSDXIQZ90AFcs4CYYuunMdrdJIdLACsGu/miuiWERopJca4/+yTMzaN7yh2ScidAT2/6w2vgWJ7RvsqLZQsbNhrqJN49tEIcATCWy/FQPCw9Yuh92Vb6FE3pADSDbjEtQwt+fhHtho+IirEmZOaPH8pNfS2EAH7yVRJ16Y5kBY7rXSfhFcufjtmWVmoIgZaJVpwhtq1IVmGJxQ3S+oDFES68G6rYPpBoUkxFxlWy2NvukNehm48228UP8JTKZAdX4VzyZyzRpDtdzK/my/+pgrqlr9IBU36CLTuUka/gBlxrXMSA4762zfvg9A3q9X0g7kB82Bmf8pN57z8YN3Q3RNswy06483T0ss7vpxBIpkj+7NFo0OgYBOQ2HzJ1mtr6BuU8HCJyva5O0ri1UOpyoQMqjrjYIqQc+NLInn2AGz279mByuqMokSR8pdeBpTUmDq6CGACV+Ckf3QhhQgKNC0rwLAMfyp1k5qeudCWB+E= fsociety@fsociety",
                "username": "fyankov"
              }
            ],
            "admin_username": "fyankov",
            "allow_extension_operations": false,
            "availability_set_id": "",
            "boot_diagnostics": [],
            "capacity_reservation_group_id": "",
            "computer_name": "Compromised-Linux-VM",
            "custom_data": null,
            "dedicated_host_group_id": "",
            "dedicated_host_id": "",
            "disable_password_authentication": true,
            "edge_zone": "",
            "encryption_at_host_enabled": false,
            "eviction_policy": "",
            "extensions_time_budget": "PT1H30M",
            "gallery_application": [],
            "id": "/subscriptions/6162102d-ca97-4f6f-823b-3901a6f74733/resourceGroups/WAN-HUB-and-SPOKE/providers/Microsoft.Compute/virtualMachines/Compromised-Linux-VM",
            "identity": [],
            "license_type": "",
            "location": "westeurope",
            "max_bid_price": -1,
            "name": "Compromised-Linux-VM",
            "network_interface_ids": [
              "/subscriptions/6162102d-ca97-4f6f-823b-3901a6f74733/resourceGroups/WAN-HUB-and-SPOKE/providers/Microsoft.Network/networkInterfaces/Compromised-Linux-VM-nic"
            ],
            "os_disk": [
              {
                "caching": "ReadWrite",
                "diff_disk_settings": [],
                "disk_encryption_set_id": "",
                "disk_size_gb": 30,
                "name": "Compromised-Linux-VM_OsDisk_1_6e6b0e03126d47569d617576b97819dc",
                "secure_vm_disk_encryption_set_id": "",
                "security_encryption_type": "",
                "storage_account_type": "Standard_LRS",
                "write_accelerator_enabled": false
              }
            ],
            "patch_assessment_mode": "ImageDefault",
            "patch_mode": "ImageDefault",
            "plan": [],
            "platform_fault_domain": -1,
            "priority": "Regular",
            "private_ip_address": "10.2.0.4",
            "private_ip_addresses": [
              "10.2.0.4"
            ],
            "provision_vm_agent": true,
            "proximity_placement_group_id": "",
            "public_ip_address": "51.137.54.178",
            "public_ip_addresses": [
              "51.137.54.178"
            ],
            "resource_group_name": "WAN-HUB-and-SPOKE",
            "secret": [],
            "secure_boot_enabled": false,
            "size": "Standard_B2s",
            "source_image_id": "",
            "source_image_reference": [
              {
                "offer": "UbuntuServer",
                "publisher": "Canonical",
                "sku": "19.04",
                "version": "latest"
              }
            ],
            "tags": {
              "ManagedBy": "Terraform"
            },
            "termination_notification": null,
            "timeouts": null,
            "user_data": "",
            "virtual_machine_id": "ae2abcd1-b46c-42dd-8db6-a5a9bb8daa2e",
            "virtual_machine_scale_set_id": "",
            "vtpm_enabled": false,
            "zone": ""
          },
          "sensitive_attributes": [
            [
              {
                "type": "get_attr",
                "value": "admin_password"
              }
            ]
          ],
          "private": "eyJlMmJmYjczMC1lY2FhLTExZTYtOGY4OC0zNDM2M2JjN2M0YzAiOnsiY3JlYXRlIjoyNzAwMDAwMDAwMDAwLCJkZWxldGUiOjI3MDAwMDAwMDAwMDAsInJlYWQiOjMwMDAwMDAwMDAwMCwidXBkYXRlIjoyNzAwMDAwMDAwMDAwfX0=",
          "dependencies": [
            "azurerm_public_ip.compromised_linux_vm",
            "azurerm_resource_group.main",
            "module.compromised_linux_vm.azurerm_network_interface.vm",
            "module.compromised_linux_vm.azurerm_storage_account.boot_diagnostics",
            "module.spoke_2.azurerm_network_security_group.this",
            "module.spoke_2.azurerm_network_security_rule.icmp_rule",
            "module.spoke_2.azurerm_network_security_rule.rdp_rule",
            "module.spoke_2.azurerm_network_security_rule.ssh_rule",
            "module.spoke_2.azurerm_virtual_network.this"
          ]
        }
      ]
    },
    {
      "module": "module.compromised_linux_vm",
      "mode": "managed",
      "type": "azurerm_network_interface",
      "name": "vm",
      "provider": "provider[\"registry.terraform.io/hashicorp/azurerm\"]",
      "instances": [
        {
          "index_key": 0,
          "schema_version": 0,
          "attributes": {
            "applied_dns_servers": [],
            "dns_servers": [],
            "edge_zone": "",
            "enable_accelerated_networking": false,
            "enable_ip_forwarding": false,
            "id": "/subscriptions/6162102d-ca97-4f6f-823b-3901a6f74733/resourceGroups/WAN-HUB-and-SPOKE/providers/Microsoft.Network/networkInterfaces/Compromised-Linux-VM-nic",
            "internal_dns_name_label": "",
            "internal_domain_name_suffix": "lqobd3rj3woevm1hd5dmclnith.ax.internal.cloudapp.net",
            "ip_configuration": [
              {
                "gateway_load_balancer_frontend_ip_configuration_id": "",
                "name": "Compromised-Linux-VM-nic0",
                "primary": true,
                "private_ip_address": "10.2.0.4",
                "private_ip_address_allocation": "Dynamic",
                "private_ip_address_version": "IPv4",
                "public_ip_address_id": "/subscriptions/6162102d-ca97-4f6f-823b-3901a6f74733/resourceGroups/WAN-HUB-and-SPOKE/providers/Microsoft.Network/publicIPAddresses/PublicIPforLinux",
                "subnet_id": "/subscriptions/6162102d-ca97-4f6f-823b-3901a6f74733/resourceGroups/WAN-HUB-and-SPOKE/providers/Microsoft.Network/virtualNetworks/SPOKE_2/subnets/subnet1"
              }
            ],
            "location": "westeurope",
            "mac_address": "",
            "name": "Compromised-Linux-VM-nic",
            "private_ip_address": "10.2.0.4",
            "private_ip_addresses": [
              "10.2.0.4"
            ],
            "resource_group_name": "WAN-HUB-and-SPOKE",
            "tags": {
              "ManagedBy": "Terraform"
            },
            "timeouts": null,
            "virtual_machine_id": ""
          },
          "sensitive_attributes": [],
          "private": "eyJlMmJmYjczMC1lY2FhLTExZTYtOGY4OC0zNDM2M2JjN2M0YzAiOnsiY3JlYXRlIjoxODAwMDAwMDAwMDAwLCJkZWxldGUiOjE4MDAwMDAwMDAwMDAsInJlYWQiOjMwMDAwMDAwMDAwMCwidXBkYXRlIjoxODAwMDAwMDAwMDAwfX0=",
          "dependencies": [
            "azurerm_public_ip.compromised_linux_vm",
            "azurerm_resource_group.main",
            "module.spoke_2.azurerm_network_security_group.this",
            "module.spoke_2.azurerm_network_security_rule.icmp_rule",
            "module.spoke_2.azurerm_network_security_rule.rdp_rule",
            "module.spoke_2.azurerm_network_security_rule.ssh_rule",
            "module.spoke_2.azurerm_virtual_network.this"
          ]
        }
      ]
    },
    {
      "module": "module.compromised_linux_vm",
      "mode": "managed",
      "type": "random_id",
      "name": "vm_sa",
      "provider": "provider[\"registry.terraform.io/hashicorp/random\"]",
      "instances": [
        {
          "schema_version": 0,
          "attributes": {
            "b64_std": "M6v7mOJ0",
            "b64_url": "M6v7mOJ0",
            "byte_length": 6,
            "dec": "56813753524852",
            "hex": "33abfb98e274",
            "id": "M6v7mOJ0",
            "keepers": {
              "vm_name": "Compromised-Linux-VM"
            },
            "prefix": null
          },
          "sensitive_attributes": [],
          "dependencies": [
            "azurerm_public_ip.compromised_linux_vm",
            "azurerm_resource_group.main",
            "module.spoke_2.azurerm_network_security_group.this",
            "module.spoke_2.azurerm_network_security_rule.icmp_rule",
            "module.spoke_2.azurerm_network_security_rule.rdp_rule",
            "module.spoke_2.azurerm_network_security_rule.ssh_rule",
            "module.spoke_2.azurerm_virtual_network.this"
          ]
        }
      ]
    },
    {
      "module": "module.hub",
      "mode": "managed",
      "type": "azurerm_network_security_group",
      "name": "this",
      "provider": "provider[\"registry.terraform.io/hashicorp/azurerm\"]",
      "instances": [
        {
          "schema_version": 0,
          "attributes": {
            "id": "/subscriptions/6162102d-ca97-4f6f-823b-3901a6f74733/resourceGroups/WAN-HUB-and-SPOKE/providers/Microsoft.Network/networkSecurityGroups/hub-nsg",
            "location": "westeurope",
            "name": "hub-nsg",
            "resource_group_name": "WAN-HUB-and-SPOKE",
            "security_rule": [
              {
                "access": "Allow",
                "description": "",
                "destination_address_prefix": "*",
                "destination_address_prefixes": [],
                "destination_application_security_group_ids": [],
                "destination_port_range": "*",
                "destination_port_ranges": [],
                "direction": "Inbound",
                "name": "AllowICMP",
                "priority": 120,
                "protocol": "Icmp",
                "source_address_prefix": "*",
                "source_address_prefixes": [],
                "source_application_security_group_ids": [],
                "source_port_range": "*",
                "source_port_ranges": []
              },
              {
                "access": "Allow",
                "description": "",
                "destination_address_prefix": "*",
                "destination_address_prefixes": [],
                "destination_application_security_group_ids": [],
                "destination_port_range": "22",
                "destination_port_ranges": [],
                "direction": "Inbound",
                "name": "AllowSSH",
                "priority": 110,
                "protocol": "Tcp",
                "source_address_prefix": "",
                "source_address_prefixes": [
                  "165.225.194.94",
                  "89.23.224.8"
                ],
                "source_application_security_group_ids": [],
                "source_port_range": "*",
                "source_port_ranges": []
              },
              {
                "access": "Allow",
                "description": "",
                "destination_address_prefix": "*",
                "destination_address_prefixes": [],
                "destination_application_security_group_ids": [],
                "destination_port_range": "3389",
                "destination_port_ranges": [],
                "direction": "Inbound",
                "name": "AllowRDP",
                "priority": 100,
                "protocol": "Tcp",
                "source_address_prefix": "89.23.224.8",
                "source_address_prefixes": [],
                "source_application_security_group_ids": [],
                "source_port_range": "*",
                "source_port_ranges": []
              }
            ],
            "tags": {},
            "timeouts": null
          },
          "sensitive_attributes": [],
          "private": "eyJlMmJmYjczMC1lY2FhLTExZTYtOGY4OC0zNDM2M2JjN2M0YzAiOnsiY3JlYXRlIjoxODAwMDAwMDAwMDAwLCJkZWxldGUiOjE4MDAwMDAwMDAwMDAsInJlYWQiOjMwMDAwMDAwMDAwMCwidXBkYXRlIjoxODAwMDAwMDAwMDAwfX0=",
          "dependencies": [
            "azurerm_resource_group.main"
          ]
        }
      ]
    },
    {
      "module": "module.hub",
      "mode": "managed",
      "type": "azurerm_network_security_rule",
      "name": "icmp_rule",
      "provider": "provider[\"registry.terraform.io/hashicorp/azurerm\"]",
      "instances": [
        {
          "schema_version": 0,
          "attributes": {
            "access": "Allow",
            "description": "",
            "destination_address_prefix": "*",
            "destination_address_prefixes": [],
            "destination_application_security_group_ids": [],
            "destination_port_range": "*",
            "destination_port_ranges": [],
            "direction": "Inbound",
            "id": "/subscriptions/6162102d-ca97-4f6f-823b-3901a6f74733/resourceGroups/WAN-HUB-and-SPOKE/providers/Microsoft.Network/networkSecurityGroups/hub-nsg/securityRules/AllowICMP",
            "name": "AllowICMP",
            "network_security_group_name": "hub-nsg",
            "priority": 120,
            "protocol": "Icmp",
            "resource_group_name": "WAN-HUB-and-SPOKE",
            "source_address_prefix": "*",
            "source_address_prefixes": [],
            "source_application_security_group_ids": [],
            "source_port_range": "*",
            "source_port_ranges": [],
            "timeouts": null
          },
          "sensitive_attributes": [],
          "private": "eyJlMmJmYjczMC1lY2FhLTExZTYtOGY4OC0zNDM2M2JjN2M0YzAiOnsiY3JlYXRlIjoxODAwMDAwMDAwMDAwLCJkZWxldGUiOjE4MDAwMDAwMDAwMDAsInJlYWQiOjMwMDAwMDAwMDAwMCwidXBkYXRlIjoxODAwMDAwMDAwMDAwfX0=",
          "dependencies": [
            "azurerm_resource_group.main",
            "module.hub.azurerm_network_security_group.this",
            "module.hub.azurerm_virtual_network.this"
          ]
        }
      ]
    },
    {
      "module": "module.hub",
      "mode": "managed",
      "type": "azurerm_network_security_rule",
      "name": "rdp_rule",
      "provider": "provider[\"registry.terraform.io/hashicorp/azurerm\"]",
      "instances": [
        {
          "schema_version": 0,
          "attributes": {
            "access": "Allow",
            "description": "",
            "destination_address_prefix": "*",
            "destination_address_prefixes": [],
            "destination_application_security_group_ids": [],
            "destination_port_range": "3389",
            "destination_port_ranges": [],
            "direction": "Inbound",
            "id": "/subscriptions/6162102d-ca97-4f6f-823b-3901a6f74733/resourceGroups/WAN-HUB-and-SPOKE/providers/Microsoft.Network/networkSecurityGroups/hub-nsg/securityRules/AllowRDP",
            "name": "AllowRDP",
            "network_security_group_name": "hub-nsg",
            "priority": 100,
            "protocol": "Tcp",
            "resource_group_name": "WAN-HUB-and-SPOKE",
            "source_address_prefix": "89.23.224.8",
            "source_address_prefixes": [],
            "source_application_security_group_ids": [],
            "source_port_range": "*",
            "source_port_ranges": [],
            "timeouts": null
          },
          "sensitive_attributes": [],
          "private": "eyJlMmJmYjczMC1lY2FhLTExZTYtOGY4OC0zNDM2M2JjN2M0YzAiOnsiY3JlYXRlIjoxODAwMDAwMDAwMDAwLCJkZWxldGUiOjE4MDAwMDAwMDAwMDAsInJlYWQiOjMwMDAwMDAwMDAwMCwidXBkYXRlIjoxODAwMDAwMDAwMDAwfX0=",
          "dependencies": [
            "azurerm_resource_group.main",
            "module.hub.azurerm_network_security_group.this",
            "module.hub.azurerm_virtual_network.this"
          ]
        }
      ]
    },
    {
      "module": "module.hub",
      "mode": "managed",
      "type": "azurerm_network_security_rule",
      "name": "ssh_rule",
      "provider": "provider[\"registry.terraform.io/hashicorp/azurerm\"]",
      "instances": [
        {
          "schema_version": 0,
          "attributes": {
            "access": "Allow",
            "description": "",
            "destination_address_prefix": "*",
            "destination_address_prefixes": [],
            "destination_application_security_group_ids": [],
            "destination_port_range": "22",
            "destination_port_ranges": [],
            "direction": "Inbound",
            "id": "/subscriptions/6162102d-ca97-4f6f-823b-3901a6f74733/resourceGroups/WAN-HUB-and-SPOKE/providers/Microsoft.Network/networkSecurityGroups/hub-nsg/securityRules/AllowSSH",
            "name": "AllowSSH",
            "network_security_group_name": "hub-nsg",
            "priority": 110,
            "protocol": "Tcp",
            "resource_group_name": "WAN-HUB-and-SPOKE",
            "source_address_prefix": "",
            "source_address_prefixes": [
              "165.225.194.94",
              "89.23.224.8"
            ],
            "source_application_security_group_ids": [],
            "source_port_range": "*",
            "source_port_ranges": [],
            "timeouts": null
          },
          "sensitive_attributes": [],
          "private": "eyJlMmJmYjczMC1lY2FhLTExZTYtOGY4OC0zNDM2M2JjN2M0YzAiOnsiY3JlYXRlIjoxODAwMDAwMDAwMDAwLCJkZWxldGUiOjE4MDAwMDAwMDAwMDAsInJlYWQiOjMwMDAwMDAwMDAwMCwidXBkYXRlIjoxODAwMDAwMDAwMDAwfX0=",
          "dependencies": [
            "azurerm_resource_group.main",
            "module.hub.azurerm_network_security_group.this",
            "module.hub.azurerm_virtual_network.this"
          ]
        }
      ]
    },
    {
      "module": "module.hub",
      "mode": "managed",
      "type": "azurerm_virtual_network",
      "name": "this",
      "provider": "provider[\"registry.terraform.io/hashicorp/azurerm\"]",
      "instances": [
        {
          "schema_version": 0,
          "attributes": {
            "address_space": [
              "10.0.0.0/16"
            ],
            "bgp_community": "",
            "ddos_protection_plan": [],
            "dns_servers": [],
            "edge_zone": "",
            "flow_timeout_in_minutes": 0,
            "guid": "d7cd510e-662c-4036-bafc-97fb14afba7b",
            "id": "/subscriptions/6162102d-ca97-4f6f-823b-3901a6f74733/resourceGroups/WAN-HUB-and-SPOKE/providers/Microsoft.Network/virtualNetworks/HUB",
            "location": "westeurope",
            "name": "HUB",
            "resource_group_name": "WAN-HUB-and-SPOKE",
            "subnet": [
              {
                "address_prefix": "10.0.0.0/24",
                "id": "/subscriptions/6162102d-ca97-4f6f-823b-3901a6f74733/resourceGroups/WAN-HUB-and-SPOKE/providers/Microsoft.Network/virtualNetworks/HUB/subnets/subnet1",
                "name": "subnet1",
                "security_group": "/subscriptions/6162102d-ca97-4f6f-823b-3901a6f74733/resourceGroups/WAN-HUB-and-SPOKE/providers/Microsoft.Network/networkSecurityGroups/hub-nsg"
              }
            ],
            "tags": {
              "ManagedBy": "Terraform"
            },
            "timeouts": null
          },
          "sensitive_attributes": [],
          "private": "eyJlMmJmYjczMC1lY2FhLTExZTYtOGY4OC0zNDM2M2JjN2M0YzAiOnsiY3JlYXRlIjoxODAwMDAwMDAwMDAwLCJkZWxldGUiOjE4MDAwMDAwMDAwMDAsInJlYWQiOjMwMDAwMDAwMDAwMCwidXBkYXRlIjoxODAwMDAwMDAwMDAwfX0=",
          "dependencies": [
            "azurerm_resource_group.main",
            "module.hub.azurerm_network_security_group.this"
          ]
        }
      ]
    },
    {
      "module": "module.nva_windows_vm",
      "mode": "managed",
      "type": "azurerm_network_interface",
      "name": "vm",
      "provider": "provider[\"registry.terraform.io/hashicorp/azurerm\"]",
      "instances": [
        {
          "index_key": 0,
          "schema_version": 0,
          "attributes": {
            "applied_dns_servers": [],
            "dns_servers": [],
            "edge_zone": "",
            "enable_accelerated_networking": false,
            "enable_ip_forwarding": true,
            "id": "/subscriptions/6162102d-ca97-4f6f-823b-3901a6f74733/resourceGroups/WAN-HUB-and-SPOKE/providers/Microsoft.Network/networkInterfaces/NVA-Windows-VM-nic",
            "internal_dns_name_label": "",
            "internal_domain_name_suffix": "",
            "ip_configuration": [
              {
                "gateway_load_balancer_frontend_ip_configuration_id": "",
                "name": "NVA-Windows-VM-nic0",
                "primary": true,
                "private_ip_address": "10.0.0.4",
                "private_ip_address_allocation": "Dynamic",
                "private_ip_address_version": "IPv4",
                "public_ip_address_id": "",
                "subnet_id": "/subscriptions/6162102d-ca97-4f6f-823b-3901a6f74733/resourceGroups/WAN-HUB-and-SPOKE/providers/Microsoft.Network/virtualNetworks/HUB/subnets/subnet1"
              }
            ],
            "location": "westeurope",
            "mac_address": "60-45-BD-8C-02-DC",
            "name": "NVA-Windows-VM-nic",
            "private_ip_address": "10.0.0.4",
            "private_ip_addresses": [
              "10.0.0.4"
            ],
            "resource_group_name": "WAN-HUB-and-SPOKE",
            "tags": {
              "ManagedBy": "Terraform"
            },
            "timeouts": null,
            "virtual_machine_id": "/subscriptions/6162102d-ca97-4f6f-823b-3901a6f74733/resourceGroups/WAN-HUB-and-SPOKE/providers/Microsoft.Compute/virtualMachines/NVA-Windows-VM"
          },
          "sensitive_attributes": [],
          "private": "eyJlMmJmYjczMC1lY2FhLTExZTYtOGY4OC0zNDM2M2JjN2M0YzAiOnsiY3JlYXRlIjoxODAwMDAwMDAwMDAwLCJkZWxldGUiOjE4MDAwMDAwMDAwMDAsInJlYWQiOjMwMDAwMDAwMDAwMCwidXBkYXRlIjoxODAwMDAwMDAwMDAwfX0=",
          "dependencies": [
            "azurerm_public_ip.lb",
            "azurerm_resource_group.main",
            "module.hub.azurerm_network_security_group.this",
            "module.hub.azurerm_network_security_rule.icmp_rule",
            "module.hub.azurerm_network_security_rule.rdp_rule",
            "module.hub.azurerm_network_security_rule.ssh_rule",
            "module.hub.azurerm_virtual_network.this"
          ]
        }
      ]
    },
    {
      "module": "module.nva_windows_vm",
      "mode": "managed",
      "type": "azurerm_windows_virtual_machine",
      "name": "vm_windows",
      "provider": "provider[\"registry.terraform.io/hashicorp/azurerm\"]",
      "instances": [
        {
          "index_key": 0,
          "schema_version": 0,
          "attributes": {
            "additional_capabilities": [],
            "additional_unattend_content": [],
            "admin_password": "t12345678T",
            "admin_username": "fyankov",
            "allow_extension_operations": false,
            "availability_set_id": "",
            "boot_diagnostics": [],
            "capacity_reservation_group_id": "",
            "computer_name": "NVA-Windows-VM",
            "custom_data": null,
            "dedicated_host_group_id": "",
            "dedicated_host_id": "",
            "edge_zone": "",
            "enable_automatic_updates": true,
            "encryption_at_host_enabled": false,
            "eviction_policy": "",
            "extensions_time_budget": "PT1H30M",
            "gallery_application": [],
            "hotpatching_enabled": false,
            "id": "/subscriptions/6162102d-ca97-4f6f-823b-3901a6f74733/resourceGroups/WAN-HUB-and-SPOKE/providers/Microsoft.Compute/virtualMachines/NVA-Windows-VM",
            "identity": [],
            "license_type": "",
            "location": "westeurope",
            "max_bid_price": -1,
            "name": "NVA-Windows-VM",
            "network_interface_ids": [
              "/subscriptions/6162102d-ca97-4f6f-823b-3901a6f74733/resourceGroups/WAN-HUB-and-SPOKE/providers/Microsoft.Network/networkInterfaces/NVA-Windows-VM-nic"
            ],
            "os_disk": [
              {
                "caching": "ReadWrite",
                "diff_disk_settings": [],
                "disk_encryption_set_id": "",
                "disk_size_gb": 127,
                "name": "NVA-Windows-VM_OsDisk_1_3b31ad959a9145a292054a3a5b3891f2",
                "secure_vm_disk_encryption_set_id": "",
                "security_encryption_type": "",
                "storage_account_type": "Standard_LRS",
                "write_accelerator_enabled": false
              }
            ],
            "patch_assessment_mode": "ImageDefault",
            "patch_mode": "AutomaticByOS",
            "plan": [],
            "platform_fault_domain": -1,
            "priority": "Regular",
            "private_ip_address": "10.0.0.4",
            "private_ip_addresses": [
              "10.0.0.4"
            ],
            "provision_vm_agent": true,
            "proximity_placement_group_id": "",
            "public_ip_address": "",
            "public_ip_addresses": [],
            "resource_group_name": "WAN-HUB-and-SPOKE",
            "secret": [],
            "secure_boot_enabled": false,
            "size": "Standard_B2s",
            "source_image_id": "",
            "source_image_reference": [
              {
                "offer": "WindowsServer",
                "publisher": "MicrosoftWindowsServer",
                "sku": "2016-Datacenter",
                "version": "latest"
              }
            ],
            "tags": {
              "ManagedBy": "Terraform"
            },
            "termination_notification": [],
            "timeouts": null,
            "timezone": "",
            "user_data": "",
            "virtual_machine_id": "169c06b4-e7de-4dfa-a571-b898e2b9bcbe",
            "virtual_machine_scale_set_id": "",
            "vtpm_enabled": false,
            "winrm_listener": [],
            "zone": ""
          },
          "sensitive_attributes": [
            [
              {
                "type": "get_attr",
                "value": "admin_password"
              }
            ]
          ],
          "private": "eyJlMmJmYjczMC1lY2FhLTExZTYtOGY4OC0zNDM2M2JjN2M0YzAiOnsiY3JlYXRlIjoyNzAwMDAwMDAwMDAwLCJkZWxldGUiOjI3MDAwMDAwMDAwMDAsInJlYWQiOjMwMDAwMDAwMDAwMCwidXBkYXRlIjoyNzAwMDAwMDAwMDAwfX0=",
          "dependencies": [
            "azurerm_public_ip.lb",
            "azurerm_resource_group.main",
            "module.hub.azurerm_network_security_group.this",
            "module.hub.azurerm_network_security_rule.icmp_rule",
            "module.hub.azurerm_network_security_rule.rdp_rule",
            "module.hub.azurerm_network_security_rule.ssh_rule",
            "module.hub.azurerm_virtual_network.this",
            "module.nva_windows_vm.azurerm_network_interface.vm",
            "module.nva_windows_vm.azurerm_storage_account.boot_diagnostics",
            "module.nva_windows_vm.random_id.vm_sa"
          ]
        }
      ]
    },
    {
      "module": "module.nva_windows_vm",
      "mode": "managed",
      "type": "random_id",
      "name": "vm_sa",
      "provider": "provider[\"registry.terraform.io/hashicorp/random\"]",
      "instances": [
        {
          "schema_version": 0,
          "attributes": {
            "b64_std": "t/Ozwcc+",
            "b64_url": "t_Ozwcc-",
            "byte_length": 6,
            "dec": "202257320757054",
            "hex": "b7f3b3c1c73e",
            "id": "t_Ozwcc-",
            "keepers": {
              "vm_name": "NVA-Windows-VM"
            },
            "prefix": null
          },
          "sensitive_attributes": [],
          "dependencies": [
            "azurerm_public_ip.lb",
            "azurerm_resource_group.main",
            "module.hub.azurerm_network_security_group.this",
            "module.hub.azurerm_network_security_rule.icmp_rule",
            "module.hub.azurerm_network_security_rule.rdp_rule",
            "module.hub.azurerm_network_security_rule.ssh_rule",
            "module.hub.azurerm_virtual_network.this"
          ]
        }
      ]
    },
    {
      "module": "module.route-table-spoke_1",
      "mode": "managed",
      "type": "azurerm_route_table",
      "name": "this",
      "provider": "provider[\"registry.terraform.io/hashicorp/azurerm\"]",
      "instances": [
        {
          "schema_version": 0,
          "attributes": {
            "disable_bgp_route_propagation": false,
            "id": "/subscriptions/6162102d-ca97-4f6f-823b-3901a6f74733/resourceGroups/WAN-HUB-and-SPOKE/providers/Microsoft.Network/routeTables/route-table-spoke1",
            "location": "westeurope",
            "name": "route-table-spoke1",
            "resource_group_name": "WAN-HUB-and-SPOKE",
            "route": [
              {
                "address_prefix": "10.2.0.0/16",
                "name": "route1",
                "next_hop_in_ip_address": "10.0.0.4",
                "next_hop_type": "VirtualAppliance"
              }
            ],
            "subnets": [
              "/subscriptions/6162102d-ca97-4f6f-823b-3901a6f74733/resourceGroups/WAN-HUB-and-SPOKE/providers/Microsoft.Network/virtualNetworks/SPOKE_1/subnets/subnet1"
            ],
            "tags": {
              "ManagedBy": "Terraform"
            },
            "timeouts": null
          },
          "sensitive_attributes": [],
          "private": "eyJlMmJmYjczMC1lY2FhLTExZTYtOGY4OC0zNDM2M2JjN2M0YzAiOnsiY3JlYXRlIjoxODAwMDAwMDAwMDAwLCJkZWxldGUiOjE4MDAwMDAwMDAwMDAsInJlYWQiOjMwMDAwMDAwMDAwMCwidXBkYXRlIjoxODAwMDAwMDAwMDAwfX0=",
          "dependencies": [
            "azurerm_resource_group.main",
            "module.spoke_2.azurerm_network_security_group.this",
            "module.spoke_2.azurerm_virtual_network.this"
          ]
        }
      ]
    },
    {
      "module": "module.route-table-spoke_1",
      "mode": "managed",
      "type": "azurerm_subnet_route_table_association",
      "name": "this",
      "provider": "provider[\"registry.terraform.io/hashicorp/azurerm\"]",
      "instances": [
        {
          "schema_version": 0,
          "attributes": {
            "id": "/subscriptions/6162102d-ca97-4f6f-823b-3901a6f74733/resourceGroups/WAN-HUB-and-SPOKE/providers/Microsoft.Network/virtualNetworks/SPOKE_1/subnets/subnet1",
            "route_table_id": "/subscriptions/6162102d-ca97-4f6f-823b-3901a6f74733/resourceGroups/WAN-HUB-and-SPOKE/providers/Microsoft.Network/routeTables/route-table-spoke1",
            "subnet_id": "/subscriptions/6162102d-ca97-4f6f-823b-3901a6f74733/resourceGroups/WAN-HUB-and-SPOKE/providers/Microsoft.Network/virtualNetworks/SPOKE_1/subnets/subnet1",
            "timeouts": null
          },
          "sensitive_attributes": [],
          "private": "eyJlMmJmYjczMC1lY2FhLTExZTYtOGY4OC0zNDM2M2JjN2M0YzAiOnsiY3JlYXRlIjoxODAwMDAwMDAwMDAwLCJkZWxldGUiOjE4MDAwMDAwMDAwMDAsInJlYWQiOjMwMDAwMDAwMDAwMCwidXBkYXRlIjoxODAwMDAwMDAwMDAwfX0=",
          "dependencies": [
            "azurerm_resource_group.main",
            "module.route-table-spoke_1.azurerm_route_table.this",
            "module.spoke_1.azurerm_network_security_group.this",
            "module.spoke_1.azurerm_virtual_network.this",
            "module.spoke_2.azurerm_network_security_group.this",
            "module.spoke_2.azurerm_virtual_network.this"
          ]
        }
      ]
    },
    {
      "module": "module.route-table-spoke_2",
      "mode": "managed",
      "type": "azurerm_route_table",
      "name": "this",
      "provider": "provider[\"registry.terraform.io/hashicorp/azurerm\"]",
      "instances": [
        {
          "schema_version": 0,
          "attributes": {
            "disable_bgp_route_propagation": false,
            "id": "/subscriptions/6162102d-ca97-4f6f-823b-3901a6f74733/resourceGroups/WAN-HUB-and-SPOKE/providers/Microsoft.Network/routeTables/route-table-spoke2",
            "location": "westeurope",
            "name": "route-table-spoke2",
            "resource_group_name": "WAN-HUB-and-SPOKE",
            "route": [
              {
                "address_prefix": "10.1.0.0/16",
                "name": "route1",
                "next_hop_in_ip_address": "10.0.0.4",
                "next_hop_type": "VirtualAppliance"
              }
            ],
            "subnets": [
              "/subscriptions/6162102d-ca97-4f6f-823b-3901a6f74733/resourceGroups/WAN-HUB-and-SPOKE/providers/Microsoft.Network/virtualNetworks/SPOKE_2/subnets/subnet1"
            ],
            "tags": {
              "ManagedBy": "Terraform"
            },
            "timeouts": null
          },
          "sensitive_attributes": [],
          "private": "eyJlMmJmYjczMC1lY2FhLTExZTYtOGY4OC0zNDM2M2JjN2M0YzAiOnsiY3JlYXRlIjoxODAwMDAwMDAwMDAwLCJkZWxldGUiOjE4MDAwMDAwMDAwMDAsInJlYWQiOjMwMDAwMDAwMDAwMCwidXBkYXRlIjoxODAwMDAwMDAwMDAwfX0=",
          "dependencies": [
            "azurerm_resource_group.main",
            "module.spoke_1.azurerm_network_security_group.this",
            "module.spoke_1.azurerm_virtual_network.this"
          ]
        }
      ]
    },
    {
      "module": "module.route-table-spoke_2",
      "mode": "managed",
      "type": "azurerm_subnet_route_table_association",
      "name": "this",
      "provider": "provider[\"registry.terraform.io/hashicorp/azurerm\"]",
      "instances": [
        {
          "schema_version": 0,
          "attributes": {
            "id": "/subscriptions/6162102d-ca97-4f6f-823b-3901a6f74733/resourceGroups/WAN-HUB-and-SPOKE/providers/Microsoft.Network/virtualNetworks/SPOKE_2/subnets/subnet1",
            "route_table_id": "/subscriptions/6162102d-ca97-4f6f-823b-3901a6f74733/resourceGroups/WAN-HUB-and-SPOKE/providers/Microsoft.Network/routeTables/route-table-spoke2",
            "subnet_id": "/subscriptions/6162102d-ca97-4f6f-823b-3901a6f74733/resourceGroups/WAN-HUB-and-SPOKE/providers/Microsoft.Network/virtualNetworks/SPOKE_2/subnets/subnet1",
            "timeouts": null
          },
          "sensitive_attributes": [],
          "private": "eyJlMmJmYjczMC1lY2FhLTExZTYtOGY4OC0zNDM2M2JjN2M0YzAiOnsiY3JlYXRlIjoxODAwMDAwMDAwMDAwLCJkZWxldGUiOjE4MDAwMDAwMDAwMDAsInJlYWQiOjMwMDAwMDAwMDAwMCwidXBkYXRlIjoxODAwMDAwMDAwMDAwfX0=",
          "dependencies": [
            "azurerm_resource_group.main",
            "module.route-table-spoke_2.azurerm_route_table.this",
            "module.spoke_1.azurerm_network_security_group.this",
            "module.spoke_1.azurerm_virtual_network.this",
            "module.spoke_2.azurerm_network_security_group.this",
            "module.spoke_2.azurerm_virtual_network.this"
          ]
        }
      ]
    },
    {
      "module": "module.spoke_1",
      "mode": "managed",
      "type": "azurerm_network_security_group",
      "name": "this",
      "provider": "provider[\"registry.terraform.io/hashicorp/azurerm\"]",
      "instances": [
        {
          "schema_version": 0,
          "attributes": {
            "id": "/subscriptions/6162102d-ca97-4f6f-823b-3901a6f74733/resourceGroups/WAN-HUB-and-SPOKE/providers/Microsoft.Network/networkSecurityGroups/spoke_1-nsg",
            "location": "westeurope",
            "name": "spoke_1-nsg",
            "resource_group_name": "WAN-HUB-and-SPOKE",
            "security_rule": [
              {
                "access": "Allow",
                "description": "",
                "destination_address_prefix": "*",
                "destination_address_prefixes": [],
                "destination_application_security_group_ids": [],
                "destination_port_range": "*",
                "destination_port_ranges": [],
                "direction": "Inbound",
                "name": "AllowICMP",
                "priority": 120,
                "protocol": "Icmp",
                "source_address_prefix": "*",
                "source_address_prefixes": [],
                "source_application_security_group_ids": [],
                "source_port_range": "*",
                "source_port_ranges": []
              },
              {
                "access": "Allow",
                "description": "",
                "destination_address_prefix": "*",
                "destination_address_prefixes": [],
                "destination_application_security_group_ids": [],
                "destination_port_range": "22",
                "destination_port_ranges": [],
                "direction": "Inbound",
                "name": "AllowSSH",
                "priority": 110,
                "protocol": "Tcp",
                "source_address_prefix": "",
                "source_address_prefixes": [
                  "165.225.194.94",
                  "89.23.224.8"
                ],
                "source_application_security_group_ids": [],
                "source_port_range": "*",
                "source_port_ranges": []
              },
              {
                "access": "Allow",
                "description": "",
                "destination_address_prefix": "*",
                "destination_address_prefixes": [],
                "destination_application_security_group_ids": [],
                "destination_port_range": "3389",
                "destination_port_ranges": [],
                "direction": "Inbound",
                "name": "AllowRDP",
                "priority": 100,
                "protocol": "Tcp",
                "source_address_prefix": "89.23.224.8",
                "source_address_prefixes": [],
                "source_application_security_group_ids": [],
                "source_port_range": "*",
                "source_port_ranges": []
              }
            ],
            "tags": {},
            "timeouts": null
          },
          "sensitive_attributes": [],
          "private": "eyJlMmJmYjczMC1lY2FhLTExZTYtOGY4OC0zNDM2M2JjN2M0YzAiOnsiY3JlYXRlIjoxODAwMDAwMDAwMDAwLCJkZWxldGUiOjE4MDAwMDAwMDAwMDAsInJlYWQiOjMwMDAwMDAwMDAwMCwidXBkYXRlIjoxODAwMDAwMDAwMDAwfX0=",
          "dependencies": [
            "azurerm_resource_group.main"
          ]
        }
      ]
    },
    {
      "module": "module.spoke_1",
      "mode": "managed",
      "type": "azurerm_network_security_rule",
      "name": "icmp_rule",
      "provider": "provider[\"registry.terraform.io/hashicorp/azurerm\"]",
      "instances": [
        {
          "schema_version": 0,
          "attributes": {
            "access": "Allow",
            "description": "",
            "destination_address_prefix": "*",
            "destination_address_prefixes": [],
            "destination_application_security_group_ids": [],
            "destination_port_range": "*",
            "destination_port_ranges": [],
            "direction": "Inbound",
            "id": "/subscriptions/6162102d-ca97-4f6f-823b-3901a6f74733/resourceGroups/WAN-HUB-and-SPOKE/providers/Microsoft.Network/networkSecurityGroups/spoke_1-nsg/securityRules/AllowICMP",
            "name": "AllowICMP",
            "network_security_group_name": "spoke_1-nsg",
            "priority": 120,
            "protocol": "Icmp",
            "resource_group_name": "WAN-HUB-and-SPOKE",
            "source_address_prefix": "*",
            "source_address_prefixes": [],
            "source_application_security_group_ids": [],
            "source_port_range": "*",
            "source_port_ranges": [],
            "timeouts": null
          },
          "sensitive_attributes": [],
          "private": "eyJlMmJmYjczMC1lY2FhLTExZTYtOGY4OC0zNDM2M2JjN2M0YzAiOnsiY3JlYXRlIjoxODAwMDAwMDAwMDAwLCJkZWxldGUiOjE4MDAwMDAwMDAwMDAsInJlYWQiOjMwMDAwMDAwMDAwMCwidXBkYXRlIjoxODAwMDAwMDAwMDAwfX0=",
          "dependencies": [
            "azurerm_resource_group.main",
            "module.spoke_1.azurerm_network_security_group.this",
            "module.spoke_1.azurerm_virtual_network.this"
          ]
        }
      ]
    },
    {
      "module": "module.spoke_1",
      "mode": "managed",
      "type": "azurerm_network_security_rule",
      "name": "rdp_rule",
      "provider": "provider[\"registry.terraform.io/hashicorp/azurerm\"]",
      "instances": [
        {
          "schema_version": 0,
          "attributes": {
            "access": "Allow",
            "description": "",
            "destination_address_prefix": "*",
            "destination_address_prefixes": [],
            "destination_application_security_group_ids": [],
            "destination_port_range": "3389",
            "destination_port_ranges": [],
            "direction": "Inbound",
            "id": "/subscriptions/6162102d-ca97-4f6f-823b-3901a6f74733/resourceGroups/WAN-HUB-and-SPOKE/providers/Microsoft.Network/networkSecurityGroups/spoke_1-nsg/securityRules/AllowRDP",
            "name": "AllowRDP",
            "network_security_group_name": "spoke_1-nsg",
            "priority": 100,
            "protocol": "Tcp",
            "resource_group_name": "WAN-HUB-and-SPOKE",
            "source_address_prefix": "89.23.224.8",
            "source_address_prefixes": [],
            "source_application_security_group_ids": [],
            "source_port_range": "*",
            "source_port_ranges": [],
            "timeouts": null
          },
          "sensitive_attributes": [],
          "private": "eyJlMmJmYjczMC1lY2FhLTExZTYtOGY4OC0zNDM2M2JjN2M0YzAiOnsiY3JlYXRlIjoxODAwMDAwMDAwMDAwLCJkZWxldGUiOjE4MDAwMDAwMDAwMDAsInJlYWQiOjMwMDAwMDAwMDAwMCwidXBkYXRlIjoxODAwMDAwMDAwMDAwfX0=",
          "dependencies": [
            "azurerm_resource_group.main",
            "module.spoke_1.azurerm_network_security_group.this",
            "module.spoke_1.azurerm_virtual_network.this"
          ]
        }
      ]
    },
    {
      "module": "module.spoke_1",
      "mode": "managed",
      "type": "azurerm_network_security_rule",
      "name": "ssh_rule",
      "provider": "provider[\"registry.terraform.io/hashicorp/azurerm\"]",
      "instances": [
        {
          "schema_version": 0,
          "attributes": {
            "access": "Allow",
            "description": "",
            "destination_address_prefix": "*",
            "destination_address_prefixes": [],
            "destination_application_security_group_ids": [],
            "destination_port_range": "22",
            "destination_port_ranges": [],
            "direction": "Inbound",
            "id": "/subscriptions/6162102d-ca97-4f6f-823b-3901a6f74733/resourceGroups/WAN-HUB-and-SPOKE/providers/Microsoft.Network/networkSecurityGroups/spoke_1-nsg/securityRules/AllowSSH",
            "name": "AllowSSH",
            "network_security_group_name": "spoke_1-nsg",
            "priority": 110,
            "protocol": "Tcp",
            "resource_group_name": "WAN-HUB-and-SPOKE",
            "source_address_prefix": "",
            "source_address_prefixes": [
              "165.225.194.94",
              "89.23.224.8"
            ],
            "source_application_security_group_ids": [],
            "source_port_range": "*",
            "source_port_ranges": [],
            "timeouts": null
          },
          "sensitive_attributes": [],
          "private": "eyJlMmJmYjczMC1lY2FhLTExZTYtOGY4OC0zNDM2M2JjN2M0YzAiOnsiY3JlYXRlIjoxODAwMDAwMDAwMDAwLCJkZWxldGUiOjE4MDAwMDAwMDAwMDAsInJlYWQiOjMwMDAwMDAwMDAwMCwidXBkYXRlIjoxODAwMDAwMDAwMDAwfX0=",
          "dependencies": [
            "azurerm_resource_group.main",
            "module.spoke_1.azurerm_network_security_group.this",
            "module.spoke_1.azurerm_virtual_network.this"
          ]
        }
      ]
    },
    {
      "module": "module.spoke_1",
      "mode": "managed",
      "type": "azurerm_virtual_network",
      "name": "this",
      "provider": "provider[\"registry.terraform.io/hashicorp/azurerm\"]",
      "instances": [
        {
          "schema_version": 0,
          "attributes": {
            "address_space": [
              "10.1.0.0/16"
            ],
            "bgp_community": "",
            "ddos_protection_plan": [],
            "dns_servers": [],
            "edge_zone": "",
            "flow_timeout_in_minutes": 0,
            "guid": "9520045a-3c06-466c-a97f-ceda1bec8cc2",
            "id": "/subscriptions/6162102d-ca97-4f6f-823b-3901a6f74733/resourceGroups/WAN-HUB-and-SPOKE/providers/Microsoft.Network/virtualNetworks/SPOKE_1",
            "location": "westeurope",
            "name": "SPOKE_1",
            "resource_group_name": "WAN-HUB-and-SPOKE",
            "subnet": [
              {
                "address_prefix": "10.1.0.0/24",
                "id": "/subscriptions/6162102d-ca97-4f6f-823b-3901a6f74733/resourceGroups/WAN-HUB-and-SPOKE/providers/Microsoft.Network/virtualNetworks/SPOKE_1/subnets/subnet1",
                "name": "subnet1",
                "security_group": "/subscriptions/6162102d-ca97-4f6f-823b-3901a6f74733/resourceGroups/WAN-HUB-and-SPOKE/providers/Microsoft.Network/networkSecurityGroups/spoke_1-nsg"
              }
            ],
            "tags": {
              "ManagedBy": "Terraform"
            },
            "timeouts": null
          },
          "sensitive_attributes": [],
          "private": "eyJlMmJmYjczMC1lY2FhLTExZTYtOGY4OC0zNDM2M2JjN2M0YzAiOnsiY3JlYXRlIjoxODAwMDAwMDAwMDAwLCJkZWxldGUiOjE4MDAwMDAwMDAwMDAsInJlYWQiOjMwMDAwMDAwMDAwMCwidXBkYXRlIjoxODAwMDAwMDAwMDAwfX0=",
          "dependencies": [
            "azurerm_resource_group.main",
            "module.spoke_1.azurerm_network_security_group.this"
          ]
        }
      ]
    },
    {
      "module": "module.spoke_2",
      "mode": "managed",
      "type": "azurerm_network_security_group",
      "name": "this",
      "provider": "provider[\"registry.terraform.io/hashicorp/azurerm\"]",
      "instances": [
        {
          "schema_version": 0,
          "attributes": {
            "id": "/subscriptions/6162102d-ca97-4f6f-823b-3901a6f74733/resourceGroups/WAN-HUB-and-SPOKE/providers/Microsoft.Network/networkSecurityGroups/spoke_2-nsg",
            "location": "westeurope",
            "name": "spoke_2-nsg",
            "resource_group_name": "WAN-HUB-and-SPOKE",
            "security_rule": [
              {
                "access": "Allow",
                "description": "",
                "destination_address_prefix": "*",
                "destination_address_prefixes": [],
                "destination_application_security_group_ids": [],
                "destination_port_range": "*",
                "destination_port_ranges": [],
                "direction": "Inbound",
                "name": "AllowICMP",
                "priority": 120,
                "protocol": "Icmp",
                "source_address_prefix": "*",
                "source_address_prefixes": [],
                "source_application_security_group_ids": [],
                "source_port_range": "*",
                "source_port_ranges": []
              },
              {
                "access": "Allow",
                "description": "",
                "destination_address_prefix": "*",
                "destination_address_prefixes": [],
                "destination_application_security_group_ids": [],
                "destination_port_range": "22",
                "destination_port_ranges": [],
                "direction": "Inbound",
                "name": "AllowSSH",
                "priority": 110,
                "protocol": "Tcp",
                "source_address_prefix": "",
                "source_address_prefixes": [
                  "165.225.194.94",
                  "89.23.224.8"
                ],
                "source_application_security_group_ids": [],
                "source_port_range": "*",
                "source_port_ranges": []
              },
              {
                "access": "Allow",
                "description": "",
                "destination_address_prefix": "*",
                "destination_address_prefixes": [],
                "destination_application_security_group_ids": [],
                "destination_port_range": "3389",
                "destination_port_ranges": [],
                "direction": "Inbound",
                "name": "AllowRDP",
                "priority": 100,
                "protocol": "Tcp",
                "source_address_prefix": "89.23.224.8",
                "source_address_prefixes": [],
                "source_application_security_group_ids": [],
                "source_port_range": "*",
                "source_port_ranges": []
              }
            ],
            "tags": {},
            "timeouts": null
          },
          "sensitive_attributes": [],
          "private": "eyJlMmJmYjczMC1lY2FhLTExZTYtOGY4OC0zNDM2M2JjN2M0YzAiOnsiY3JlYXRlIjoxODAwMDAwMDAwMDAwLCJkZWxldGUiOjE4MDAwMDAwMDAwMDAsInJlYWQiOjMwMDAwMDAwMDAwMCwidXBkYXRlIjoxODAwMDAwMDAwMDAwfX0=",
          "dependencies": [
            "azurerm_resource_group.main"
          ]
        }
      ]
    },
    {
      "module": "module.spoke_2",
      "mode": "managed",
      "type": "azurerm_network_security_rule",
      "name": "icmp_rule",
      "provider": "provider[\"registry.terraform.io/hashicorp/azurerm\"]",
      "instances": [
        {
          "schema_version": 0,
          "attributes": {
            "access": "Allow",
            "description": "",
            "destination_address_prefix": "*",
            "destination_address_prefixes": [],
            "destination_application_security_group_ids": [],
            "destination_port_range": "*",
            "destination_port_ranges": [],
            "direction": "Inbound",
            "id": "/subscriptions/6162102d-ca97-4f6f-823b-3901a6f74733/resourceGroups/WAN-HUB-and-SPOKE/providers/Microsoft.Network/networkSecurityGroups/spoke_2-nsg/securityRules/AllowICMP",
            "name": "AllowICMP",
            "network_security_group_name": "spoke_2-nsg",
            "priority": 120,
            "protocol": "Icmp",
            "resource_group_name": "WAN-HUB-and-SPOKE",
            "source_address_prefix": "*",
            "source_address_prefixes": [],
            "source_application_security_group_ids": [],
            "source_port_range": "*",
            "source_port_ranges": [],
            "timeouts": null
          },
          "sensitive_attributes": [],
          "private": "eyJlMmJmYjczMC1lY2FhLTExZTYtOGY4OC0zNDM2M2JjN2M0YzAiOnsiY3JlYXRlIjoxODAwMDAwMDAwMDAwLCJkZWxldGUiOjE4MDAwMDAwMDAwMDAsInJlYWQiOjMwMDAwMDAwMDAwMCwidXBkYXRlIjoxODAwMDAwMDAwMDAwfX0=",
          "dependencies": [
            "azurerm_resource_group.main",
            "module.spoke_2.azurerm_network_security_group.this",
            "module.spoke_2.azurerm_virtual_network.this"
          ]
        }
      ]
    },
    {
      "module": "module.spoke_2",
      "mode": "managed",
      "type": "azurerm_network_security_rule",
      "name": "rdp_rule",
      "provider": "provider[\"registry.terraform.io/hashicorp/azurerm\"]",
      "instances": [
        {
          "schema_version": 0,
          "attributes": {
            "access": "Allow",
            "description": "",
            "destination_address_prefix": "*",
            "destination_address_prefixes": [],
            "destination_application_security_group_ids": [],
            "destination_port_range": "3389",
            "destination_port_ranges": [],
            "direction": "Inbound",
            "id": "/subscriptions/6162102d-ca97-4f6f-823b-3901a6f74733/resourceGroups/WAN-HUB-and-SPOKE/providers/Microsoft.Network/networkSecurityGroups/spoke_2-nsg/securityRules/AllowRDP",
            "name": "AllowRDP",
            "network_security_group_name": "spoke_2-nsg",
            "priority": 100,
            "protocol": "Tcp",
            "resource_group_name": "WAN-HUB-and-SPOKE",
            "source_address_prefix": "89.23.224.8",
            "source_address_prefixes": [],
            "source_application_security_group_ids": [],
            "source_port_range": "*",
            "source_port_ranges": [],
            "timeouts": null
          },
          "sensitive_attributes": [],
          "private": "eyJlMmJmYjczMC1lY2FhLTExZTYtOGY4OC0zNDM2M2JjN2M0YzAiOnsiY3JlYXRlIjoxODAwMDAwMDAwMDAwLCJkZWxldGUiOjE4MDAwMDAwMDAwMDAsInJlYWQiOjMwMDAwMDAwMDAwMCwidXBkYXRlIjoxODAwMDAwMDAwMDAwfX0=",
          "dependencies": [
            "azurerm_resource_group.main",
            "module.spoke_2.azurerm_network_security_group.this",
            "module.spoke_2.azurerm_virtual_network.this"
          ]
        }
      ]
    },
    {
      "module": "module.spoke_2",
      "mode": "managed",
      "type": "azurerm_network_security_rule",
      "name": "ssh_rule",
      "provider": "provider[\"registry.terraform.io/hashicorp/azurerm\"]",
      "instances": [
        {
          "schema_version": 0,
          "attributes": {
            "access": "Allow",
            "description": "",
            "destination_address_prefix": "*",
            "destination_address_prefixes": [],
            "destination_application_security_group_ids": [],
            "destination_port_range": "22",
            "destination_port_ranges": [],
            "direction": "Inbound",
            "id": "/subscriptions/6162102d-ca97-4f6f-823b-3901a6f74733/resourceGroups/WAN-HUB-and-SPOKE/providers/Microsoft.Network/networkSecurityGroups/spoke_2-nsg/securityRules/AllowSSH",
            "name": "AllowSSH",
            "network_security_group_name": "spoke_2-nsg",
            "priority": 110,
            "protocol": "Tcp",
            "resource_group_name": "WAN-HUB-and-SPOKE",
            "source_address_prefix": "",
            "source_address_prefixes": [
              "165.225.194.94",
              "89.23.224.8"
            ],
            "source_application_security_group_ids": [],
            "source_port_range": "*",
            "source_port_ranges": [],
            "timeouts": null
          },
          "sensitive_attributes": [],
          "private": "eyJlMmJmYjczMC1lY2FhLTExZTYtOGY4OC0zNDM2M2JjN2M0YzAiOnsiY3JlYXRlIjoxODAwMDAwMDAwMDAwLCJkZWxldGUiOjE4MDAwMDAwMDAwMDAsInJlYWQiOjMwMDAwMDAwMDAwMCwidXBkYXRlIjoxODAwMDAwMDAwMDAwfX0=",
          "dependencies": [
            "azurerm_resource_group.main",
            "module.spoke_2.azurerm_network_security_group.this",
            "module.spoke_2.azurerm_virtual_network.this"
          ]
        }
      ]
    },
    {
      "module": "module.spoke_2",
      "mode": "managed",
      "type": "azurerm_virtual_network",
      "name": "this",
      "provider": "provider[\"registry.terraform.io/hashicorp/azurerm\"]",
      "instances": [
        {
          "schema_version": 0,
          "attributes": {
            "address_space": [
              "10.2.0.0/16"
            ],
            "bgp_community": "",
            "ddos_protection_plan": [],
            "dns_servers": [],
            "edge_zone": "",
            "flow_timeout_in_minutes": 0,
            "guid": "f6111c5c-ed29-4a9c-b367-1fc6c12da89f",
            "id": "/subscriptions/6162102d-ca97-4f6f-823b-3901a6f74733/resourceGroups/WAN-HUB-and-SPOKE/providers/Microsoft.Network/virtualNetworks/SPOKE_2",
            "location": "westeurope",
            "name": "SPOKE_2",
            "resource_group_name": "WAN-HUB-and-SPOKE",
            "subnet": [
              {
                "address_prefix": "10.2.0.0/24",
                "id": "/subscriptions/6162102d-ca97-4f6f-823b-3901a6f74733/resourceGroups/WAN-HUB-and-SPOKE/providers/Microsoft.Network/virtualNetworks/SPOKE_2/subnets/subnet1",
                "name": "subnet1",
                "security_group": "/subscriptions/6162102d-ca97-4f6f-823b-3901a6f74733/resourceGroups/WAN-HUB-and-SPOKE/providers/Microsoft.Network/networkSecurityGroups/spoke_2-nsg"
              }
            ],
            "tags": {
              "ManagedBy": "Terraform"
            },
            "timeouts": null
          },
          "sensitive_attributes": [],
          "private": "eyJlMmJmYjczMC1lY2FhLTExZTYtOGY4OC0zNDM2M2JjN2M0YzAiOnsiY3JlYXRlIjoxODAwMDAwMDAwMDAwLCJkZWxldGUiOjE4MDAwMDAwMDAwMDAsInJlYWQiOjMwMDAwMDAwMDAwMCwidXBkYXRlIjoxODAwMDAwMDAwMDAwfX0=",
          "dependencies": [
            "azurerm_resource_group.main",
            "module.spoke_2.azurerm_network_security_group.this"
          ]
        }
      ]
    },
    {
      "module": "module.vulnerable_windows_vm",
      "mode": "managed",
      "type": "azurerm_network_interface",
      "name": "vm",
      "provider": "provider[\"registry.terraform.io/hashicorp/azurerm\"]",
      "instances": [
        {
          "index_key": 0,
          "schema_version": 0,
          "attributes": {
            "applied_dns_servers": [],
            "dns_servers": [],
            "edge_zone": "",
            "enable_accelerated_networking": false,
            "enable_ip_forwarding": false,
            "id": "/subscriptions/6162102d-ca97-4f6f-823b-3901a6f74733/resourceGroups/WAN-HUB-and-SPOKE/providers/Microsoft.Network/networkInterfaces/Vuln-Win2008-VM-nic",
            "internal_dns_name_label": "",
            "internal_domain_name_suffix": "",
            "ip_configuration": [
              {
                "gateway_load_balancer_frontend_ip_configuration_id": "",
                "name": "Vuln-Win2008-VM-nic0",
                "primary": true,
                "private_ip_address": "10.1.0.4",
                "private_ip_address_allocation": "Dynamic",
                "private_ip_address_version": "IPv4",
                "public_ip_address_id": "",
                "subnet_id": "/subscriptions/6162102d-ca97-4f6f-823b-3901a6f74733/resourceGroups/WAN-HUB-and-SPOKE/providers/Microsoft.Network/virtualNetworks/SPOKE_1/subnets/subnet1"
              }
            ],
            "location": "westeurope",
            "mac_address": "60-45-BD-99-08-78",
            "name": "Vuln-Win2008-VM-nic",
            "private_ip_address": "10.1.0.4",
            "private_ip_addresses": [
              "10.1.0.4"
            ],
            "resource_group_name": "WAN-HUB-and-SPOKE",
            "tags": {
              "ManagedBy": "Terraform"
            },
            "timeouts": null,
            "virtual_machine_id": "/subscriptions/6162102d-ca97-4f6f-823b-3901a6f74733/resourceGroups/WAN-HUB-and-SPOKE/providers/Microsoft.Compute/virtualMachines/Vuln-Win2008-VM"
          },
          "sensitive_attributes": [],
          "private": "eyJlMmJmYjczMC1lY2FhLTExZTYtOGY4OC0zNDM2M2JjN2M0YzAiOnsiY3JlYXRlIjoxODAwMDAwMDAwMDAwLCJkZWxldGUiOjE4MDAwMDAwMDAwMDAsInJlYWQiOjMwMDAwMDAwMDAwMCwidXBkYXRlIjoxODAwMDAwMDAwMDAwfX0=",
          "dependencies": [
            "azurerm_resource_group.main",
            "module.spoke_1.azurerm_network_security_group.this",
            "module.spoke_1.azurerm_network_security_rule.icmp_rule",
            "module.spoke_1.azurerm_network_security_rule.rdp_rule",
            "module.spoke_1.azurerm_network_security_rule.ssh_rule",
            "module.spoke_1.azurerm_virtual_network.this"
          ]
        }
      ]
    },
    {
      "module": "module.vulnerable_windows_vm",
      "mode": "managed",
      "type": "azurerm_windows_virtual_machine",
      "name": "vm_windows",
      "provider": "provider[\"registry.terraform.io/hashicorp/azurerm\"]",
      "instances": [
        {
          "index_key": 0,
          "schema_version": 0,
          "attributes": {
            "additional_capabilities": [],
            "additional_unattend_content": [],
            "admin_password": "t12345678T",
            "admin_username": "fyankov",
            "allow_extension_operations": false,
            "availability_set_id": "",
            "boot_diagnostics": [],
            "capacity_reservation_group_id": "",
            "computer_name": "Vuln-Win2008-VM",
            "custom_data": null,
            "dedicated_host_group_id": "",
            "dedicated_host_id": "",
            "edge_zone": "",
            "enable_automatic_updates": true,
            "encryption_at_host_enabled": false,
            "eviction_policy": "",
            "extensions_time_budget": "PT1H30M",
            "gallery_application": [],
            "hotpatching_enabled": false,
            "id": "/subscriptions/6162102d-ca97-4f6f-823b-3901a6f74733/resourceGroups/WAN-HUB-and-SPOKE/providers/Microsoft.Compute/virtualMachines/Vuln-Win2008-VM",
            "identity": [],
            "license_type": "",
            "location": "westeurope",
            "max_bid_price": -1,
            "name": "Vuln-Win2008-VM",
            "network_interface_ids": [
              "/subscriptions/6162102d-ca97-4f6f-823b-3901a6f74733/resourceGroups/WAN-HUB-and-SPOKE/providers/Microsoft.Network/networkInterfaces/Vuln-Win2008-VM-nic"
            ],
            "os_disk": [
              {
                "caching": "ReadWrite",
                "diff_disk_settings": [],
                "disk_encryption_set_id": "",
                "disk_size_gb": 12,
                "name": "Vuln-Win2008-VM_disk1_4c2a7eeb6dfa4f2a8fdf7072daad7bc1",
                "secure_vm_disk_encryption_set_id": "",
                "security_encryption_type": "",
                "storage_account_type": "Standard_LRS",
                "write_accelerator_enabled": false
              }
            ],
            "patch_assessment_mode": "ImageDefault",
            "patch_mode": "AutomaticByOS",
            "plan": [],
            "platform_fault_domain": -1,
            "priority": "Regular",
            "private_ip_address": "10.1.0.4",
            "private_ip_addresses": [
              "10.1.0.4"
            ],
            "provision_vm_agent": true,
            "proximity_placement_group_id": "",
            "public_ip_address": "",
            "public_ip_addresses": [],
            "resource_group_name": "WAN-HUB-and-SPOKE",
            "secret": [],
            "secure_boot_enabled": false,
            "size": "Standard_B2s",
            "source_image_id": "/subscriptions/6162102d-ca97-4f6f-823b-3901a6f74733/resourceGroups/RG-for-custom-image/providers/Microsoft.Compute/images/14pmImage",
            "source_image_reference": [],
            "tags": {
              "ManagedBy": "Terraform"
            },
            "termination_notification": [],
            "timeouts": null,
            "timezone": "",
            "user_data": "",
            "virtual_machine_id": "ba4c80b9-0ff3-471f-a626-8258e663565a",
            "virtual_machine_scale_set_id": "",
            "vtpm_enabled": false,
            "winrm_listener": [],
            "zone": ""
          },
          "sensitive_attributes": [
            [
              {
                "type": "get_attr",
                "value": "admin_password"
              }
            ]
          ],
          "private": "eyJlMmJmYjczMC1lY2FhLTExZTYtOGY4OC0zNDM2M2JjN2M0YzAiOnsiY3JlYXRlIjoyNzAwMDAwMDAwMDAwLCJkZWxldGUiOjI3MDAwMDAwMDAwMDAsInJlYWQiOjMwMDAwMDAwMDAwMCwidXBkYXRlIjoyNzAwMDAwMDAwMDAwfX0=",
          "dependencies": [
            "azurerm_resource_group.main",
            "data.azurerm_image.winr2008vhd",
            "module.spoke_1.azurerm_network_security_group.this",
            "module.spoke_1.azurerm_network_security_rule.icmp_rule",
            "module.spoke_1.azurerm_network_security_rule.rdp_rule",
            "module.spoke_1.azurerm_network_security_rule.ssh_rule",
            "module.spoke_1.azurerm_virtual_network.this",
            "module.vulnerable_windows_vm.azurerm_network_interface.vm",
            "module.vulnerable_windows_vm.azurerm_storage_account.boot_diagnostics",
            "module.vulnerable_windows_vm.random_id.vm_sa"
          ]
        }
      ]
    },
    {
      "module": "module.vulnerable_windows_vm",
      "mode": "managed",
      "type": "random_id",
      "name": "vm_sa",
      "provider": "provider[\"registry.terraform.io/hashicorp/random\"]",
      "instances": [
        {
          "schema_version": 0,
          "attributes": {
            "b64_std": "7a2u8qM2",
            "b64_url": "7a2u8qM2",
            "byte_length": 6,
            "dec": "261330220262198",
            "hex": "edadaef2a336",
            "id": "7a2u8qM2",
            "keepers": {
              "vm_name": "Vuln-Win2008-VM"
            },
            "prefix": null
          },
          "sensitive_attributes": [],
          "dependencies": [
            "azurerm_resource_group.main",
            "module.spoke_1.azurerm_network_security_group.this",
            "module.spoke_1.azurerm_network_security_rule.icmp_rule",
            "module.spoke_1.azurerm_network_security_rule.rdp_rule",
            "module.spoke_1.azurerm_network_security_rule.ssh_rule",
            "module.spoke_1.azurerm_virtual_network.this"
          ]
        }
      ]
    }
  ],
  "check_results": [
    {
      "object_kind": "resource",
      "config_addr": "module.vulnerable_windows_vm.azurerm_network_interface.vm",
      "status": "pass",
      "objects": [
        {
          "object_addr": "module.vulnerable_windows_vm.azurerm_network_interface.vm[0]",
          "status": "pass"
        }
      ]
    },
    {
      "object_kind": "resource",
      "config_addr": "module.vulnerable_windows_vm.azurerm_linux_virtual_machine.vm_linux",
      "status": "pass",
      "objects": null
    },
    {
      "object_kind": "resource",
      "config_addr": "module.compromised_linux_vm.azurerm_linux_virtual_machine.vm_linux",
      "status": "pass",
      "objects": [
        {
          "object_addr": "module.compromised_linux_vm.azurerm_linux_virtual_machine.vm_linux[0]",
          "status": "pass"
        }
      ]
    },
    {
      "object_kind": "resource",
      "config_addr": "module.nva_windows_vm.azurerm_linux_virtual_machine.vm_linux",
      "status": "pass",
      "objects": null
    },
    {
      "object_kind": "resource",
      "config_addr": "module.compromised_linux_vm.azurerm_network_interface.vm",
      "status": "pass",
      "objects": [
        {
          "object_addr": "module.compromised_linux_vm.azurerm_network_interface.vm[0]",
          "status": "pass"
        }
      ]
    },
    {
      "object_kind": "resource",
      "config_addr": "module.nva_windows_vm.azurerm_network_interface.vm",
      "status": "pass",
      "objects": [
        {
          "object_addr": "module.nva_windows_vm.azurerm_network_interface.vm[0]",
          "status": "pass"
        }
      ]
    },
    {
      "object_kind": "resource",
      "config_addr": "module.compromised_linux_vm.azurerm_windows_virtual_machine.vm_windows",
      "status": "pass",
      "objects": null
    },
    {
      "object_kind": "resource",
      "config_addr": "module.vulnerable_windows_vm.azurerm_windows_virtual_machine.vm_windows",
      "status": "pass",
      "objects": [
        {
          "object_addr": "module.vulnerable_windows_vm.azurerm_windows_virtual_machine.vm_windows[0]",
          "status": "pass"
        }
      ]
    },
    {
      "object_kind": "resource",
      "config_addr": "module.nva_windows_vm.azurerm_windows_virtual_machine.vm_windows",
      "status": "pass",
      "objects": [
        {
          "object_addr": "module.nva_windows_vm.azurerm_windows_virtual_machine.vm_windows[0]",
          "status": "pass"
        }
      ]
    }
  ]
}
